<?xml version="1.0" encoding="utf-8"?>
<Project ToolsVersion="4.0" xmlns="http://schemas.microsoft.com/developer/msbuild/2003">
  <ItemGroup>
    <Filter Include="ソース ファイル">
      <UniqueIdentifier>{4FC737F1-C7A5-4376-A066-2A32D752A2FF}</UniqueIdentifier>
      <Extensions>cpp;c;cc;cxx;def;odl;idl;hpj;bat;asm;asmx</Extensions>
    </Filter>
    <Filter Include="ヘッダー ファイル">
      <UniqueIdentifier>{93995380-89BD-4b04-88EB-625FBE52EBFB}</UniqueIdentifier>
      <Extensions>h;hpp;hxx;hm;inl;inc;xsd</Extensions>
    </Filter>
    <Filter Include="リソース ファイル">
      <UniqueIdentifier>{67DA6AB6-F800-4c08-8B7A-83BB121AAD01}</UniqueIdentifier>
      <Extensions>rc;ico;cur;bmp;dlg;rc2;rct;bin;rgs;gif;jpg;jpeg;jpe;resx;tiff;tif;png;wav;mfcribbon-ms</Extensions>
    </Filter>
    <Filter Include="Inputファイル">
      <UniqueIdentifier>{6ff32152-60d2-4e26-a256-99c610326060}</UniqueIdentifier>
    </Filter>
    <Filter Include="ヘッダー ファイル\State">
      <UniqueIdentifier>{ca22ea38-a50e-4eca-9fc8-d7158157f84b}</UniqueIdentifier>
    </Filter>
    <Filter Include="ヘッダー ファイル\Common">
      <UniqueIdentifier>{a3ec452a-520c-4d9d-b5af-cca6b0b102bb}</UniqueIdentifier>
    </Filter>
    <Filter Include="ヘッダー ファイル\Actor">
      <UniqueIdentifier>{6d43ca46-2587-4d7d-89f6-f22746260d77}</UniqueIdentifier>
    </Filter>
    <Filter Include="ヘッダー ファイル\Action">
      <UniqueIdentifier>{53716ce4-2b71-4514-ad26-35534698b1ba}</UniqueIdentifier>
    </Filter>
    <Filter Include="ソース ファイル\Action">
      <UniqueIdentifier>{2544aa60-1001-41b9-96c4-51add0f9339b}</UniqueIdentifier>
    </Filter>
    <Filter Include="ヘッダー ファイル\Action\ActionBase">
      <UniqueIdentifier>{b8693d36-134d-442f-b792-3d4a0bda1511}</UniqueIdentifier>
    </Filter>
    <Filter Include="ヘッダー ファイル\State\StateBase">
      <UniqueIdentifier>{18b97007-6082-4f23-acc9-92cc553e68cf}</UniqueIdentifier>
    </Filter>
    <Filter Include="ソース ファイル\State">
      <UniqueIdentifier>{1d779a6e-4dde-455b-8d43-b7c82daa8f37}</UniqueIdentifier>
    </Filter>
    <Filter Include="ヘッダー ファイル\State\State">
      <UniqueIdentifier>{e92cb12c-eccb-4933-9b8d-551380d55a84}</UniqueIdentifier>
    </Filter>
    <Filter Include="ヘッダー ファイル\Character">
      <UniqueIdentifier>{7bea4ef0-ce56-45bf-a778-a6c217b1b951}</UniqueIdentifier>
    </Filter>
    <Filter Include="ヘッダー ファイル\Scene">
      <UniqueIdentifier>{00508ecc-0fd6-40e0-a13d-85e218d8014f}</UniqueIdentifier>
    </Filter>
    <Filter Include="ヘッダー ファイル\Resource">
      <UniqueIdentifier>{5c10f3d7-67c3-4fac-9794-bb7a8808609b}</UniqueIdentifier>
    </Filter>
    <Filter Include="ヘッダー ファイル\Collision">
      <UniqueIdentifier>{8a4deaf5-d14a-40bc-87fe-3fe0b3159093}</UniqueIdentifier>
    </Filter>
    <Filter Include="ヘッダー ファイル\Effect">
      <UniqueIdentifier>{463f80cb-1402-4ace-8c4f-4716598a4092}</UniqueIdentifier>
    </Filter>
    <Filter Include="ヘッダー ファイル\Skill">
      <UniqueIdentifier>{6dccfec3-060d-43fe-8f96-22dcaf22bfcd}</UniqueIdentifier>
    </Filter>
    <Filter Include="ヘッダー ファイル\UI">
      <UniqueIdentifier>{a03327a9-306a-4911-9430-0760851f3f10}</UniqueIdentifier>
    </Filter>
    <Filter Include="ヘッダー ファイル\Camera">
      <UniqueIdentifier>{12dcaffe-bf28-469e-8e7a-d5b38849a884}</UniqueIdentifier>
    </Filter>
    <Filter Include="ヘッダー ファイル\KnockBack">
      <UniqueIdentifier>{33ab550f-317b-4f7f-bb6d-3082dadafcea}</UniqueIdentifier>
    </Filter>
    <Filter Include="ヘッダー ファイル\Time">
      <UniqueIdentifier>{6cdb5e02-8ef3-4e0d-9d77-bb3a86036993}</UniqueIdentifier>
    </Filter>
    <Filter Include="ヘッダー ファイル\Shot">
      <UniqueIdentifier>{c91e8c7e-34ca-4773-aff0-07458238d320}</UniqueIdentifier>
    </Filter>
    <Filter Include="ソース ファイル\Camera">
      <UniqueIdentifier>{2adb6587-2ec8-44d7-b619-fe2835a42bd8}</UniqueIdentifier>
    </Filter>
    <Filter Include="ヘッダー ファイル\AI">
      <UniqueIdentifier>{cb8d6fc2-6420-4818-8070-eb944fd269fd}</UniqueIdentifier>
    </Filter>
    <Filter Include="ヘッダー ファイル\Creator">
      <UniqueIdentifier>{c5d5961e-658c-42eb-b0c5-a52a1e4b3e1e}</UniqueIdentifier>
    </Filter>
    <Filter Include="ソース ファイル\UI">
      <UniqueIdentifier>{af55a494-6745-4301-8344-d6afd2444a74}</UniqueIdentifier>
    </Filter>
    <Filter Include="ヘッダー ファイル\UI\Render">
      <UniqueIdentifier>{529cbe07-d461-4f44-84af-3ae1772cb11f}</UniqueIdentifier>
    </Filter>
    <Filter Include="ヘッダー ファイル\UI\Creator">
      <UniqueIdentifier>{41067a10-8f77-4a6b-bb36-97f961891004}</UniqueIdentifier>
    </Filter>
    <Filter Include="ヘッダー ファイル\UI\Presenter">
      <UniqueIdentifier>{cd4aef48-ccaf-4b10-ab56-ef450e30abfb}</UniqueIdentifier>
    </Filter>
    <Filter Include="ヘッダー ファイル\UI\Render\Skill">
      <UniqueIdentifier>{3ca343d0-bd34-4711-92a1-b3b7e3e0a355}</UniqueIdentifier>
    </Filter>
    <Filter Include="ヘッダー ファイル\UI\Render\HP">
      <UniqueIdentifier>{b89491af-6533-4520-84bb-9daa82d531f5}</UniqueIdentifier>
    </Filter>
    <Filter Include="ヘッダー ファイル\UI\Render\Skill\CT">
      <UniqueIdentifier>{b61e3899-509f-432c-8bb1-aa22f9376b7d}</UniqueIdentifier>
    </Filter>
    <Filter Include="ヘッダー ファイル\UI\Render\Skill\Ultimate">
      <UniqueIdentifier>{77a936ce-70e6-4453-9127-376f53e10b9a}</UniqueIdentifier>
    </Filter>
    <Filter Include="ヘッダー ファイル\Stage">
      <UniqueIdentifier>{74357348-b33b-40ee-b164-9b66d71a894d}</UniqueIdentifier>
    </Filter>
    <Filter Include="ソース ファイル\Stage">
      <UniqueIdentifier>{19983377-d9fb-4e53-98f5-ab793c033c36}</UniqueIdentifier>
    </Filter>
    <Filter Include="ソース ファイル\Chara">
      <UniqueIdentifier>{c124ec36-f5ca-4650-a82c-83c04c94066a}</UniqueIdentifier>
    </Filter>
    <Filter Include="ソース ファイル\Scene">
      <UniqueIdentifier>{0ef8b1de-2bf7-4fcd-93ae-a532cb6f9fbc}</UniqueIdentifier>
    </Filter>
    <Filter Include="ソース ファイル\Effect">
      <UniqueIdentifier>{77008b9c-edf0-4772-85da-1d92689612cd}</UniqueIdentifier>
    </Filter>
    <Filter Include="ヘッダー ファイル\External">
      <UniqueIdentifier>{d6bdf76c-5f1c-4471-b49d-cb699d3444e2}</UniqueIdentifier>
    </Filter>
    <Filter Include="ソース ファイル\Shot">
      <UniqueIdentifier>{78b18842-8489-40df-9bb0-b7c0e4a1ecf6}</UniqueIdentifier>
    </Filter>
    <Filter Include="ソース ファイル\Creator">
      <UniqueIdentifier>{83602f07-f68c-4f8e-a39a-848aa02588b7}</UniqueIdentifier>
    </Filter>
    <Filter Include="ソース ファイル\Creator\Json">
      <UniqueIdentifier>{e6b07ac1-5e51-4e33-8d5d-5d86a4fcc5af}</UniqueIdentifier>
    </Filter>
    <Filter Include="ヘッダー ファイル\Creator\Json">
      <UniqueIdentifier>{a66c26f7-806f-424f-9278-fd65845aa9da}</UniqueIdentifier>
    </Filter>
    <Filter Include="ヘッダー ファイル\ClearTerm">
      <UniqueIdentifier>{96235f23-8246-41be-81bf-d94829c35f5e}</UniqueIdentifier>
    </Filter>
    <Filter Include="ソース ファイル\UI\ClearTerm">
      <UniqueIdentifier>{f2c6705a-f569-4403-b951-d60625e964d5}</UniqueIdentifier>
    </Filter>
    <Filter Include="ソース ファイル\ClearTerm">
      <UniqueIdentifier>{49a5ebd6-0848-4e56-9ce1-bbc47681c4df}</UniqueIdentifier>
    </Filter>
    <Filter Include="ヘッダー ファイル\UI\Render\ClearTerm">
      <UniqueIdentifier>{27a9ff07-ec50-4dc6-852c-82eabee421f7}</UniqueIdentifier>
    </Filter>
    <Filter Include="ヘッダー ファイル\Character\Enemy">
      <UniqueIdentifier>{1f969d68-f21e-4c96-a59d-bbfe7095dabe}</UniqueIdentifier>
    </Filter>
    <Filter Include="ヘッダー ファイル\Character\Enemy\Zombie">
      <UniqueIdentifier>{dd43fcf0-62e2-43f4-975c-ae8af8f4c905}</UniqueIdentifier>
    </Filter>
    <Filter Include="ヘッダー ファイル\Character\Enemy\Zombie\Creator">
      <UniqueIdentifier>{7a8e0a0e-c9e5-4485-bfdb-e7e897a34bcd}</UniqueIdentifier>
    </Filter>
    <Filter Include="ヘッダー ファイル\Character\Enemy\Builder">
      <UniqueIdentifier>{ebca2723-60be-4e34-92fe-9fd7b0146fa3}</UniqueIdentifier>
    </Filter>
    <Filter Include="ヘッダー ファイル\Character\Player">
      <UniqueIdentifier>{b1dd1dd3-fc7d-4782-ba42-f5587431cd91}</UniqueIdentifier>
    </Filter>
    <Filter Include="ソース ファイル\Spawner">
      <UniqueIdentifier>{bb227144-259a-48e7-986f-41d334f79cfe}</UniqueIdentifier>
    </Filter>
    <Filter Include="ヘッダー ファイル\Spawner">
      <UniqueIdentifier>{a4a7a7d4-a0ad-407c-957d-9f0b195b8461}</UniqueIdentifier>
    </Filter>
    <Filter Include="ヘッダー ファイル\Character\Enemy\Spawner">
      <UniqueIdentifier>{9c14c98f-9d91-4d1f-a0ed-a95a032aa90a}</UniqueIdentifier>
    </Filter>
    <Filter Include="ソース ファイル\Chara\Enemy">
      <UniqueIdentifier>{543bb78e-a32c-494a-ad0e-080246cad2b6}</UniqueIdentifier>
    </Filter>
    <Filter Include="ソース ファイル\Chara\Enemy\Builder">
      <UniqueIdentifier>{ce5a1e05-b9af-4e82-b49f-da74ee04e274}</UniqueIdentifier>
    </Filter>
    <Filter Include="ソース ファイル\Chara\Enemy\Zombie">
      <UniqueIdentifier>{02fd5d5e-fd89-4d73-9a3a-bb2b77a5bef7}</UniqueIdentifier>
    </Filter>
    <Filter Include="ソース ファイル\State\Skill">
      <UniqueIdentifier>{7a9f5e6c-ebf4-47b0-b1d3-dc993ffa9163}</UniqueIdentifier>
    </Filter>
    <Filter Include="ソース ファイル\Task">
      <UniqueIdentifier>{78b73a93-2e80-47f8-845c-bc0dbfc2435f}</UniqueIdentifier>
    </Filter>
    <Filter Include="ソース ファイル\Time">
      <UniqueIdentifier>{4e0a4bcd-ce02-4202-8991-7791f29a7607}</UniqueIdentifier>
    </Filter>
    <Filter Include="ソース ファイル\Chara\Player">
      <UniqueIdentifier>{874a7ff5-cf3e-414e-b0bb-6e2af29a1501}</UniqueIdentifier>
    </Filter>
    <Filter Include="ソース ファイル\UI\Render">
      <UniqueIdentifier>{b1c4abed-29df-4ba9-a75a-651c8e91f38f}</UniqueIdentifier>
    </Filter>
    <Filter Include="ソース ファイル\UI\Presenter">
      <UniqueIdentifier>{97098c3c-6b7a-4b08-8a84-12b4c01c568f}</UniqueIdentifier>
    </Filter>
    <Filter Include="ソース ファイル\Chara\Spawner">
      <UniqueIdentifier>{19d7c7a2-f76f-4a91-b318-b13cda8f263f}</UniqueIdentifier>
    </Filter>
    <Filter Include="ヘッダー ファイル\Scene\Base">
      <UniqueIdentifier>{25f77b67-4f45-45c7-a161-6da44ed8d8fe}</UniqueIdentifier>
    </Filter>
    <Filter Include="ヘッダー ファイル\Utility">
      <UniqueIdentifier>{d6c7de73-394e-4cc6-a18a-335371573554}</UniqueIdentifier>
    </Filter>
    <Filter Include="ヘッダー ファイル\Task">
      <UniqueIdentifier>{438c8b04-a0b5-4a7a-9832-706e06e21767}</UniqueIdentifier>
    </Filter>
    <Filter Include="ソース ファイル\Scene\Base">
      <UniqueIdentifier>{766fb873-d1dc-464b-831f-4642f952990b}</UniqueIdentifier>
    </Filter>
    <Filter Include="ヘッダー ファイル\Utility\Defines">
      <UniqueIdentifier>{aed1e408-ae82-4d3b-8e48-33c1731e9b4a}</UniqueIdentifier>
    </Filter>
    <Filter Include="ソース ファイル\Skill">
      <UniqueIdentifier>{32368bd1-b2a3-4155-86f3-fe0de1126cb8}</UniqueIdentifier>
    </Filter>
    <Filter Include="ヘッダー ファイル\Action\Attack">
      <UniqueIdentifier>{90d3e79d-2268-4369-9994-6b92561333b5}</UniqueIdentifier>
    </Filter>
    <Filter Include="ヘッダー ファイル\Action\Attack\Skill">
      <UniqueIdentifier>{1cb35810-c5fd-49ed-8331-f042208058e4}</UniqueIdentifier>
    </Filter>
    <Filter Include="ヘッダー ファイル\Action\Damage">
      <UniqueIdentifier>{0c43ef51-e935-45de-a847-b08fe3e4c312}</UniqueIdentifier>
    </Filter>
    <Filter Include="ヘッダー ファイル\Action\Pose">
      <UniqueIdentifier>{27f9d7c1-a98a-444d-b0d5-9c4ac537eb79}</UniqueIdentifier>
    </Filter>
    <Filter Include="ヘッダー ファイル\Action\Move">
      <UniqueIdentifier>{086589f7-f26e-4210-8660-304cb73a2b7f}</UniqueIdentifier>
    </Filter>
    <Filter Include="ヘッダー ファイル\State\State\Attack">
      <UniqueIdentifier>{cf15c195-76a3-4462-8273-e9935d912cc3}</UniqueIdentifier>
    </Filter>
    <Filter Include="ヘッダー ファイル\State\State\Attack\Skill">
      <UniqueIdentifier>{0fc67747-6d1d-4c7c-a86d-6a7819b09366}</UniqueIdentifier>
    </Filter>
    <Filter Include="ヘッダー ファイル\State\State\Pose">
      <UniqueIdentifier>{0456baf6-b41d-47b1-ae63-a60992413bbc}</UniqueIdentifier>
    </Filter>
    <Filter Include="ヘッダー ファイル\State\State\Move">
      <UniqueIdentifier>{90fe06ce-630e-4d5f-b1de-4ade14018a89}</UniqueIdentifier>
    </Filter>
    <Filter Include="ヘッダー ファイル\State\State\Damage">
      <UniqueIdentifier>{4850e218-b95e-4166-baaa-1f00f7b7aa3b}</UniqueIdentifier>
    </Filter>
    <Filter Include="ヘッダー ファイル\Character\Enemy\Mutant">
      <UniqueIdentifier>{5884d1c9-d289-4ea8-a657-05300cee81d1}</UniqueIdentifier>
    </Filter>
    <Filter Include="ヘッダー ファイル\Character\Enemy\Zombie\Builder">
      <UniqueIdentifier>{dfa82a1f-1769-45e7-9d55-57aae99facc0}</UniqueIdentifier>
    </Filter>
    <Filter Include="ヘッダー ファイル\Character\Enemy\Mutant\Creator">
      <UniqueIdentifier>{127080df-1487-4b57-b5a6-b22006b2861e}</UniqueIdentifier>
    </Filter>
    <Filter Include="ソース ファイル\Chara\Enemy\Zombie\Creator">
      <UniqueIdentifier>{2a0658ae-2bd4-424f-afec-6b7350ed6be9}</UniqueIdentifier>
    </Filter>
    <Filter Include="ソース ファイル\Chara\Enemy\Zombie\Builder">
      <UniqueIdentifier>{c56627d2-66f8-471c-8d9c-3f05da974c54}</UniqueIdentifier>
    </Filter>
    <Filter Include="ソース ファイル\Chara\Enemy\Mutant">
      <UniqueIdentifier>{67820de1-276a-4168-91a5-f4288ccadc98}</UniqueIdentifier>
    </Filter>
    <Filter Include="ソース ファイル\Chara\Enemy\Mutant\Creator">
      <UniqueIdentifier>{453350a4-2d85-4373-9359-cf47e0e4915e}</UniqueIdentifier>
    </Filter>
    <Filter Include="ソース ファイル\Chara\Enemy\Mutant\Builder">
      <UniqueIdentifier>{fc04afe1-8936-4144-a85c-0a13eb03f920}</UniqueIdentifier>
    </Filter>
    <Filter Include="ヘッダー ファイル\Character\Enemy\Mutant\Builder">
      <UniqueIdentifier>{335187ae-ca6e-4f7e-909a-788bdf4a18b0}</UniqueIdentifier>
    </Filter>
    <Filter Include="ヘッダー ファイル\Message">
      <UniqueIdentifier>{7e034309-8244-4635-b652-59f95560f14d}</UniqueIdentifier>
    </Filter>
    <Filter Include="ソース ファイル\State\Common">
      <UniqueIdentifier>{43aeac10-816c-4211-a411-b6ce8d38f316}</UniqueIdentifier>
    </Filter>
    <Filter Include="ソース ファイル\AI">
      <UniqueIdentifier>{d0604cc4-6f25-4e8f-9d95-10808855bdc2}</UniqueIdentifier>
    </Filter>
    <Filter Include="ソース ファイル\Action\BaseAction">
      <UniqueIdentifier>{e44b387f-aea0-4e6b-a8c9-390e5187aef4}</UniqueIdentifier>
    </Filter>
    <Filter Include="ソース ファイル\Action\Attack">
      <UniqueIdentifier>{593aee52-9637-4097-85ab-75ddddef29c7}</UniqueIdentifier>
    </Filter>
    <Filter Include="ソース ファイル\Action\Attack\Skill">
      <UniqueIdentifier>{1866fd39-fd59-4a5f-9391-74bf69575bf4}</UniqueIdentifier>
    </Filter>
    <Filter Include="ソース ファイル\Action\Damage">
      <UniqueIdentifier>{427ee7af-fe39-4da1-a786-ddb896f06fff}</UniqueIdentifier>
    </Filter>
    <Filter Include="ソース ファイル\Action\Move">
      <UniqueIdentifier>{c892165d-424e-4593-bacd-398d203ae49c}</UniqueIdentifier>
    </Filter>
    <Filter Include="ソース ファイル\Action\Pose">
      <UniqueIdentifier>{05156b66-5fab-4c1f-bac6-13c99c1524c6}</UniqueIdentifier>
    </Filter>
    <Filter Include="ソース ファイル\UI\Render\HP">
      <UniqueIdentifier>{1b0ce9ec-5aff-4093-a90e-f475de1eef78}</UniqueIdentifier>
    </Filter>
    <Filter Include="ソース ファイル\UI\Render\Skill">
      <UniqueIdentifier>{711d7609-bb36-4201-9ca8-96cabd4fb7d3}</UniqueIdentifier>
    </Filter>
    <Filter Include="ソース ファイル\Message">
      <UniqueIdentifier>{b3c6d017-5343-4785-be12-9a76168de567}</UniqueIdentifier>
    </Filter>
  </ItemGroup>
  <ItemGroup>
    <ClCompile Include="WinMain.cpp">
      <Filter>ソース ファイル</Filter>
    </ClCompile>
    <ClCompile Include="GameApp.cpp">
      <Filter>ソース ファイル</Filter>
    </ClCompile>
    <ClCompile Include="Input.cpp">
      <Filter>Inputファイル</Filter>
    </ClCompile>
    <ClCompile Include="MofInput.cpp">
      <Filter>Inputファイル</Filter>
    </ClCompile>
    <ClCompile Include="FixedCamera.cpp">
      <Filter>ソース ファイル\Camera</Filter>
    </ClCompile>
    <ClCompile Include="InterpolateCamera.cpp">
      <Filter>ソース ファイル\Camera</Filter>
    </ClCompile>
    <ClCompile Include="NomalCamera.cpp">
      <Filter>ソース ファイル\Camera</Filter>
    </ClCompile>
    <ClCompile Include="CameraBase.cpp">
      <Filter>ソース ファイル\Camera</Filter>
    </ClCompile>
    <ClCompile Include="CameraController.cpp">
      <Filter>ソース ファイル\Camera</Filter>
    </ClCompile>
    <ClCompile Include="FollowFixedCamera.cpp">
      <Filter>ソース ファイル\Camera</Filter>
    </ClCompile>
    <ClCompile Include="StageManager.cpp">
      <Filter>ソース ファイル\Stage</Filter>
    </ClCompile>
    <ClCompile Include="StageBase.cpp">
      <Filter>ソース ファイル\Stage</Filter>
    </ClCompile>
    <ClCompile Include="Stage1.cpp">
      <Filter>ソース ファイル\Stage</Filter>
    </ClCompile>
    <ClCompile Include="ActorObject.cpp">
      <Filter>ソース ファイル\Chara</Filter>
    </ClCompile>
    <ClCompile Include="BattleScene.cpp">
      <Filter>ソース ファイル\Scene</Filter>
    </ClCompile>
    <ClCompile Include="Effect.cpp">
      <Filter>ソース ファイル\Effect</Filter>
    </ClCompile>
    <ClCompile Include="EffectController.cpp">
      <Filter>ソース ファイル\Effect</Filter>
    </ClCompile>
    <ClCompile Include="EffectRenderer.cpp">
      <Filter>ソース ファイル\Effect</Filter>
    </ClCompile>
    <ClCompile Include="Object.cpp">
      <Filter>ソース ファイル\Chara</Filter>
    </ClCompile>
    <ClCompile Include="DivisionObject.cpp">
      <Filter>ソース ファイル\Chara</Filter>
    </ClCompile>
    <ClCompile Include="Shot.cpp">
      <Filter>ソース ファイル\Shot</Filter>
    </ClCompile>
    <ClCompile Include="JsonDivisionCreator.cpp">
      <Filter>ソース ファイル\Creator\Json</Filter>
    </ClCompile>
    <ClCompile Include="JsonObjectCreator.cpp">
      <Filter>ソース ファイル\Creator\Json</Filter>
    </ClCompile>
    <ClCompile Include="JsonClearTermCreator.cpp">
      <Filter>ソース ファイル\Creator\Json</Filter>
    </ClCompile>
    <ClCompile Include="JsonEnemyStatusLoader.cpp">
      <Filter>ソース ファイル\Creator\Json</Filter>
    </ClCompile>
    <ClCompile Include="JsonEnemyBuildParameterLoader.cpp">
      <Filter>ソース ファイル\Creator\Json</Filter>
    </ClCompile>
    <ClCompile Include="JsonStageLoader.cpp">
      <Filter>ソース ファイル\Creator\Json</Filter>
    </ClCompile>
    <ClCompile Include="StageCreator.cpp">
      <Filter>ソース ファイル\Creator</Filter>
    </ClCompile>
    <ClCompile Include="ClearTermAllDeadAndEnduranceText.cpp">
      <Filter>ソース ファイル\UI\ClearTerm</Filter>
    </ClCompile>
    <ClCompile Include="ClearTermEnduranceTimeText.cpp">
      <Filter>ソース ファイル\UI\ClearTerm</Filter>
    </ClCompile>
    <ClCompile Include="ClearTermEnemyAllDeadText.cpp">
      <Filter>ソース ファイル\UI\ClearTerm</Filter>
    </ClCompile>
    <ClCompile Include="ClearTermBuilderDictionary.cpp">
      <Filter>ソース ファイル\ClearTerm</Filter>
    </ClCompile>
    <ClCompile Include="ClearTermEnduranceTime.cpp">
      <Filter>ソース ファイル\ClearTerm</Filter>
    </ClCompile>
    <ClCompile Include="ClearTermEnduranceTimeBuilder.cpp">
      <Filter>ソース ファイル\ClearTerm</Filter>
    </ClCompile>
    <ClCompile Include="ClearTermEnemysAllDead.cpp">
      <Filter>ソース ファイル\ClearTerm</Filter>
    </ClCompile>
    <ClCompile Include="ClearTermEnemysAllDeadBuilder.cpp">
      <Filter>ソース ファイル\ClearTerm</Filter>
    </ClCompile>
    <ClCompile Include="ClearTermText.cpp">
      <Filter>ソース ファイル\UI\ClearTerm</Filter>
    </ClCompile>
    <ClCompile Include="ClearTermRenderCreator.cpp">
      <Filter>ソース ファイル\UI\ClearTerm</Filter>
    </ClCompile>
    <ClCompile Include="CreateWindow.cpp">
      <Filter>ソース ファイル\UI</Filter>
    </ClCompile>
    <ClCompile Include="ThreadCreator.cpp">
      <Filter>ソース ファイル</Filter>
    </ClCompile>
    <ClCompile Include="ShotManager.cpp">
      <Filter>ソース ファイル\Shot</Filter>
    </ClCompile>
    <ClCompile Include="AttackBaseState.cpp">
      <Filter>ソース ファイル\State</Filter>
    </ClCompile>
    <ClCompile Include="Enemy.cpp">
      <Filter>ソース ファイル\Chara\Enemy</Filter>
    </ClCompile>
    <ClCompile Include="EnemyManager.cpp">
      <Filter>ソース ファイル\Chara\Enemy</Filter>
    </ClCompile>
    <ClCompile Include="EnemyBuilderDictionary.cpp">
      <Filter>ソース ファイル\Chara\Enemy\Builder</Filter>
    </ClCompile>
    <ClCompile Include="EnemyBuildParameter.cpp">
      <Filter>ソース ファイル\Chara\Enemy\Builder</Filter>
    </ClCompile>
    <ClCompile Include="EnemyStatus.cpp">
      <Filter>ソース ファイル\Chara\Enemy</Filter>
    </ClCompile>
    <ClCompile Include="SpawnCycleRandonRange.cpp">
      <Filter>ソース ファイル\Spawner</Filter>
    </ClCompile>
    <ClCompile Include="SpawnCycleFixedRange.cpp">
      <Filter>ソース ファイル\Spawner</Filter>
    </ClCompile>
    <ClCompile Include="EnemySpawnConditionMaxSpawnCount.cpp">
      <Filter>ソース ファイル\Spawner</Filter>
    </ClCompile>
    <ClCompile Include="Attack1State.cpp">
      <Filter>ソース ファイル\State</Filter>
    </ClCompile>
    <ClCompile Include="Attack2State.cpp">
      <Filter>ソース ファイル\State</Filter>
    </ClCompile>
    <ClCompile Include="Attack3State.cpp">
      <Filter>ソース ファイル\State</Filter>
    </ClCompile>
    <ClCompile Include="DropKickSkillState.cpp">
      <Filter>ソース ファイル\State\Skill</Filter>
    </ClCompile>
    <ClCompile Include="JumpBeamSkillState.cpp">
      <Filter>ソース ファイル\State\Skill</Filter>
    </ClCompile>
    <ClCompile Include="ClearPoseState.cpp">
      <Filter>ソース ファイル\State</Filter>
    </ClCompile>
    <ClCompile Include="BeamSkillState.cpp">
      <Filter>ソース ファイル\State\Skill</Filter>
    </ClCompile>
    <ClCompile Include="DamageState.cpp">
      <Filter>ソース ファイル\State</Filter>
    </ClCompile>
    <ClCompile Include="DeadState.cpp">
      <Filter>ソース ファイル\State</Filter>
    </ClCompile>
    <ClCompile Include="DownState.cpp">
      <Filter>ソース ファイル\State</Filter>
    </ClCompile>
    <ClCompile Include="EscapeState.cpp">
      <Filter>ソース ファイル\State</Filter>
    </ClCompile>
    <ClCompile Include="FallState.cpp">
      <Filter>ソース ファイル\State</Filter>
    </ClCompile>
    <ClCompile Include="FlyDamageState.cpp">
      <Filter>ソース ファイル\State</Filter>
    </ClCompile>
    <ClCompile Include="IdleMotionState.cpp">
      <Filter>ソース ファイル\State</Filter>
    </ClCompile>
    <ClCompile Include="IdleState.cpp">
      <Filter>ソース ファイル\State</Filter>
    </ClCompile>
    <ClCompile Include="JumpAttack1State.cpp">
      <Filter>ソース ファイル\State</Filter>
    </ClCompile>
    <ClCompile Include="JumpState.cpp">
      <Filter>ソース ファイル\State</Filter>
    </ClCompile>
    <ClCompile Include="LandingState.cpp">
      <Filter>ソース ファイル\State</Filter>
    </ClCompile>
    <ClCompile Include="MoveState.cpp">
      <Filter>ソース ファイル\State</Filter>
    </ClCompile>
    <ClCompile Include="RunAttack1State.cpp">
      <Filter>ソース ファイル\State</Filter>
    </ClCompile>
    <ClCompile Include="RunFallState.cpp">
      <Filter>ソース ファイル\State</Filter>
    </ClCompile>
    <ClCompile Include="RunJumpAttack1State.cpp">
      <Filter>ソース ファイル\State</Filter>
    </ClCompile>
    <ClCompile Include="RunJumpAttack2State.cpp">
      <Filter>ソース ファイル\State</Filter>
    </ClCompile>
    <ClCompile Include="RunJumpAttack3State.cpp">
      <Filter>ソース ファイル\State</Filter>
    </ClCompile>
    <ClCompile Include="RunJumpState.cpp">
      <Filter>ソース ファイル\State</Filter>
    </ClCompile>
    <ClCompile Include="RunLandingState.cpp">
      <Filter>ソース ファイル\State</Filter>
    </ClCompile>
    <ClCompile Include="RunState.cpp">
      <Filter>ソース ファイル\State</Filter>
    </ClCompile>
    <ClCompile Include="StormSkillState.cpp">
      <Filter>ソース ファイル\State\Skill</Filter>
    </ClCompile>
    <ClCompile Include="ShockWaveSkillState.cpp">
      <Filter>ソース ファイル\State\Skill</Filter>
    </ClCompile>
    <ClCompile Include="JumpStormSkillState.cpp">
      <Filter>ソース ファイル\State\Skill</Filter>
    </ClCompile>
    <ClCompile Include="Task.cpp">
      <Filter>ソース ファイル\Task</Filter>
    </ClCompile>
    <ClCompile Include="TaskManager.cpp">
      <Filter>ソース ファイル\Task</Filter>
    </ClCompile>
    <ClCompile Include="Timer.cpp">
      <Filter>ソース ファイル\Time</Filter>
    </ClCompile>
    <ClCompile Include="TimeScale.cpp">
      <Filter>ソース ファイル\Time</Filter>
    </ClCompile>
    <ClCompile Include="TimeScaleController.cpp">
      <Filter>ソース ファイル\Time</Filter>
    </ClCompile>
    <ClCompile Include="LoadingScene.cpp">
      <Filter>ソース ファイル\Scene</Filter>
    </ClCompile>
    <ClCompile Include="TitleScene.cpp">
      <Filter>ソース ファイル\Scene</Filter>
    </ClCompile>
    <ClCompile Include="Player.cpp">
      <Filter>ソース ファイル\Chara\Player</Filter>
    </ClCompile>
    <ClCompile Include="PlayerUIRender.cpp">
      <Filter>ソース ファイル\UI\Render</Filter>
    </ClCompile>
    <ClCompile Include="HPPresenter.cpp">
      <Filter>ソース ファイル\UI\Presenter</Filter>
    </ClCompile>
    <ClCompile Include="PlayerActionCreator.cpp">
      <Filter>ソース ファイル\Chara\Player</Filter>
    </ClCompile>
    <ClCompile Include="PlayerSkillCreater.cpp">
      <Filter>ソース ファイル\Chara\Player</Filter>
    </ClCompile>
    <ClCompile Include="PlayerStateCreator.cpp">
      <Filter>ソース ファイル\Chara\Player</Filter>
    </ClCompile>
    <ClCompile Include="Spawner.cpp">
      <Filter>ソース ファイル\Chara\Spawner</Filter>
    </ClCompile>
    <ClCompile Include="Division.cpp">
      <Filter>ソース ファイル\Stage</Filter>
    </ClCompile>
    <ClCompile Include="SceneChangeFade.cpp">
      <Filter>ソース ファイル\Scene\Base</Filter>
    </ClCompile>
    <ClCompile Include="SceneManager.cpp">
      <Filter>ソース ファイル\Scene\Base</Filter>
    </ClCompile>
    <ClCompile Include="Skill.cpp">
      <Filter>ソース ファイル\Skill</Filter>
    </ClCompile>
    <ClCompile Include="UltimateSkill.cpp">
      <Filter>ソース ファイル\Skill</Filter>
    </ClCompile>
    <ClCompile Include="AdditionalSkill.cpp">
      <Filter>ソース ファイル\Skill</Filter>
    </ClCompile>
    <ClCompile Include="ZombieActionCreator.cpp">
      <Filter>ソース ファイル\Chara\Enemy\Zombie\Creator</Filter>
    </ClCompile>
    <ClCompile Include="ZombieParameterCreator.cpp">
      <Filter>ソース ファイル\Chara\Enemy\Zombie\Creator</Filter>
    </ClCompile>
    <ClCompile Include="ZombieStateCreator.cpp">
      <Filter>ソース ファイル\Chara\Enemy\Zombie\Creator</Filter>
    </ClCompile>
    <ClCompile Include="ZombieBuilder.cpp">
      <Filter>ソース ファイル\Chara\Enemy\Zombie\Builder</Filter>
    </ClCompile>
    <ClCompile Include="ZombieAICreator.cpp">
      <Filter>ソース ファイル\Chara\Enemy\Zombie\Creator</Filter>
    </ClCompile>
    <ClCompile Include="MutantActionCreator.cpp">
      <Filter>ソース ファイル\Chara\Enemy\Mutant\Creator</Filter>
    </ClCompile>
    <ClCompile Include="MutantAICreator.cpp">
      <Filter>ソース ファイル\Chara\Enemy\Mutant\Creator</Filter>
    </ClCompile>
    <ClCompile Include="MutantStateCreator.cpp">
      <Filter>ソース ファイル\Chara\Enemy\Mutant\Creator</Filter>
    </ClCompile>
    <ClCompile Include="MutantParameterCreator.cpp">
      <Filter>ソース ファイル\Chara\Enemy\Mutant\Creator</Filter>
    </ClCompile>
    <ClCompile Include="MutantBuilder.cpp">
      <Filter>ソース ファイル\Chara\Enemy\Mutant\Builder</Filter>
    </ClCompile>
    <ClCompile Include="Velocity.cpp">
      <Filter>ソース ファイル\State\Common</Filter>
    </ClCompile>
    <ClCompile Include="Transform.cpp">
      <Filter>ソース ファイル\State\Common</Filter>
    </ClCompile>
    <ClCompile Include="Utilities.cpp">
      <Filter>ソース ファイル\State\Common</Filter>
    </ClCompile>
    <ClCompile Include="NPCCameraStartPoseState.cpp">
      <Filter>ソース ファイル\State</Filter>
    </ClCompile>
    <ClCompile Include="NPCStartPoseState.cpp">
      <Filter>ソース ファイル\State</Filter>
    </ClCompile>
    <ClCompile Include="StartPoseState.cpp">
      <Filter>ソース ファイル\State</Filter>
    </ClCompile>
    <ClCompile Include="AICycleTension.cpp">
      <Filter>ソース ファイル\AI</Filter>
    </ClCompile>
    <ClCompile Include="MoveStateAI.cpp">
      <Filter>ソース ファイル\AI</Filter>
    </ClCompile>
    <ClCompile Include="StateInput.cpp">
      <Filter>Inputファイル</Filter>
    </ClCompile>
    <ClCompile Include="BattleSceneTask.cpp">
      <Filter>ヘッダー ファイル\Scene</Filter>
    </ClCompile>
    <ClCompile Include="Attack1Action.cpp">
      <Filter>ソース ファイル\Action\Attack</Filter>
    </ClCompile>
    <ClCompile Include="Attack2Action.cpp">
      <Filter>ソース ファイル\Action\Attack</Filter>
    </ClCompile>
    <ClCompile Include="Attack3Action.cpp">
      <Filter>ソース ファイル\Action\Attack</Filter>
    </ClCompile>
    <ClCompile Include="BeamSkillAction.cpp">
      <Filter>ソース ファイル\Action\Attack\Skill</Filter>
    </ClCompile>
    <ClCompile Include="RunAttack1Action.cpp">
      <Filter>ソース ファイル\Action\Attack</Filter>
    </ClCompile>
    <ClCompile Include="RunJumpAttack1Action.cpp">
      <Filter>ソース ファイル\Action\Attack</Filter>
    </ClCompile>
    <ClCompile Include="RunJumpAttack2Action.cpp">
      <Filter>ソース ファイル\Action\Attack</Filter>
    </ClCompile>
    <ClCompile Include="RunJumpAttack3Action.cpp">
      <Filter>ソース ファイル\Action\Attack</Filter>
    </ClCompile>
    <ClCompile Include="DropKickSkillAction.cpp">
      <Filter>ソース ファイル\Action\Attack\Skill</Filter>
    </ClCompile>
    <ClCompile Include="JumpBeamSkillAction.cpp">
      <Filter>ソース ファイル\Action\Attack\Skill</Filter>
    </ClCompile>
    <ClCompile Include="JumpStormSkillAction.cpp">
      <Filter>ソース ファイル\Action\Attack\Skill</Filter>
    </ClCompile>
    <ClCompile Include="ClearPoseAction.cpp">
      <Filter>ソース ファイル\Action\Pose</Filter>
    </ClCompile>
    <ClCompile Include="DamageAction.cpp">
      <Filter>ソース ファイル\Action\Damage</Filter>
    </ClCompile>
    <ClCompile Include="DeadAction.cpp">
      <Filter>ソース ファイル\Action\Damage</Filter>
    </ClCompile>
    <ClCompile Include="DownAction.cpp">
      <Filter>ソース ファイル\Action\Damage</Filter>
    </ClCompile>
    <ClCompile Include="EscapeAction.cpp">
      <Filter>ソース ファイル\Action\Move</Filter>
    </ClCompile>
    <ClCompile Include="FallAction.cpp">
      <Filter>ソース ファイル\Action\Move</Filter>
    </ClCompile>
    <ClCompile Include="FlyDamageAction.cpp">
      <Filter>ソース ファイル\Action\Damage</Filter>
    </ClCompile>
    <ClCompile Include="IdleAction.cpp">
      <Filter>ソース ファイル\Action\Move</Filter>
    </ClCompile>
    <ClCompile Include="IdleMotionAction.cpp">
      <Filter>ソース ファイル\Action\Pose</Filter>
    </ClCompile>
    <ClCompile Include="JumpAction.cpp">
      <Filter>ソース ファイル\Action\Move</Filter>
    </ClCompile>
    <ClCompile Include="JumpAttack1Action.cpp">
      <Filter>ソース ファイル\Action\Attack</Filter>
    </ClCompile>
    <ClCompile Include="LandingAction.cpp">
      <Filter>ソース ファイル\Action\Move</Filter>
    </ClCompile>
    <ClCompile Include="MoveAction.cpp">
      <Filter>ソース ファイル\Action\Move</Filter>
    </ClCompile>
    <ClCompile Include="RunAction.cpp">
      <Filter>ソース ファイル\Action\Move</Filter>
    </ClCompile>
    <ClCompile Include="RunFallAction.cpp">
      <Filter>ソース ファイル\Action\Move</Filter>
    </ClCompile>
    <ClCompile Include="RunJumpAction.cpp">
      <Filter>ソース ファイル\Action\Move</Filter>
    </ClCompile>
    <ClCompile Include="RunLandingAction.cpp">
      <Filter>ソース ファイル\Action\Move</Filter>
    </ClCompile>
    <ClCompile Include="ShockWaveSkillAction.cpp">
      <Filter>ソース ファイル\Action\Attack\Skill</Filter>
    </ClCompile>
    <ClCompile Include="StartPoseAction.cpp">
      <Filter>ソース ファイル\Action\Pose</Filter>
    </ClCompile>
    <ClCompile Include="StormSkillAction.cpp">
      <Filter>ソース ファイル\Action\Attack\Skill</Filter>
    </ClCompile>
    <ClCompile Include="BaseAction.cpp">
      <Filter>ソース ファイル\Action\BaseAction</Filter>
    </ClCompile>
    <ClCompile Include="EffectLoader.cpp">
      <Filter>ソース ファイル\Effect</Filter>
    </ClCompile>
    <ClCompile Include="ClearTermBossDead.cpp">
      <Filter>ソース ファイル\ClearTerm</Filter>
    </ClCompile>
    <ClCompile Include="ClearTermBossDeadBuilder.cpp">
      <Filter>ソース ファイル\ClearTerm</Filter>
    </ClCompile>
    <ClCompile Include="Messenger.cpp">
      <Filter>ソース ファイル\Message</Filter>
    </ClCompile>
    <ClCompile Include="JsonSpawnerCreator.cpp">
      <Filter>ソース ファイル\Spawner</Filter>
    </ClCompile>
    <ClCompile Include="BossHPRender.cpp">
      <Filter>ソース ファイル\UI\Render\HP</Filter>
    </ClCompile>
    <ClCompile Include="EnemyHPRender.cpp">
      <Filter>ソース ファイル\UI\Render\HP</Filter>
    </ClCompile>
    <ClCompile Include="NormalEnemyHPRender.cpp">
      <Filter>ソース ファイル\UI\Render\HP</Filter>
    </ClCompile>
    <ClCompile Include="NPCHPRenderManager.cpp">
      <Filter>ソース ファイル\UI\Render\HP</Filter>
    </ClCompile>
    <ClCompile Include="PlayerHPRender.cpp">
      <Filter>ソース ファイル\UI\Render\HP</Filter>
    </ClCompile>
    <ClCompile Include="SkillControllerRender.cpp">
      <Filter>ソース ファイル\UI\Render\Skill</Filter>
    </ClCompile>
    <ClCompile Include="BattleUILoader.cpp">
      <Filter>ソース ファイル\UI\Render</Filter>
    </ClCompile>
    <ClCompile Include="SkillRenderContainer.cpp">
      <Filter>ソース ファイル\UI\Render\Skill</Filter>
    </ClCompile>
    <ClCompile Include="SkillRender.cpp">
      <Filter>ソース ファイル\UI\Render\Skill</Filter>
    </ClCompile>
    <ClCompile Include="PlayerParameterCreator.cpp">
      <Filter>ソース ファイル\Chara\Player</Filter>
    </ClCompile>
    <ClCompile Include="EnemySpawner.cpp">
      <Filter>ソース ファイル\Chara\Spawner</Filter>
    </ClCompile>
    <ClCompile Include="EnemySpawnParameter.cpp">
      <Filter>ソース ファイル\Chara\Spawner</Filter>
    </ClCompile>
    <ClCompile Include="SpawnerBuilder.cpp">
      <Filter>ソース ファイル\Chara\Spawner</Filter>
    </ClCompile>
    <ClCompile Include="SpawnerBuilderDictionary.cpp">
      <Filter>ソース ファイル\Chara\Spawner</Filter>
    </ClCompile>
    <ClCompile Include="NormalSpawnerBuilder.cpp">
      <Filter>ソース ファイル\Chara\Spawner</Filter>
    </ClCompile>
    <ClCompile Include="NPCStartPoseAction.cpp">
      <Filter>ソース ファイル\Action\Pose</Filter>
    </ClCompile>
    <ClCompile Include="AdditionalSkillRender.cpp">
      <Filter>ソース ファイル</Filter>
    </ClCompile>
    <ClCompile Include="UltimateGaugeRender.cpp">
      <Filter>ソース ファイル</Filter>
    </ClCompile>
    <ClCompile Include="IdleStateAI.cpp">
      <Filter>ソース ファイル</Filter>
    </ClCompile>
    <ClCompile Include="AttackStateAI.cpp">
      <Filter>ソース ファイル</Filter>
    </ClCompile>
  </ItemGroup>
  <ItemGroup>
    <ClInclude Include="GameApp.h">
      <Filter>ヘッダー ファイル</Filter>
    </ClInclude>
    <ClInclude Include="Input.h">
      <Filter>Inputファイル</Filter>
    </ClInclude>
    <ClInclude Include="InputManager.h">
      <Filter>Inputファイル</Filter>
    </ClInclude>
    <ClInclude Include="IInput.h">
      <Filter>Inputファイル</Filter>
    </ClInclude>
    <ClInclude Include="MofInput.h">
      <Filter>Inputファイル</Filter>
    </ClInclude>
    <ClInclude Include="Singleton.h">
      <Filter>ヘッダー ファイル\Common</Filter>
    </ClInclude>
    <ClInclude Include="Common.h">
      <Filter>ヘッダー ファイル\Common</Filter>
    </ClInclude>
    <ClInclude Include="Actor.h">
      <Filter>ヘッダー ファイル\Actor</Filter>
    </ClInclude>
    <ClInclude Include="IActor.h">
      <Filter>ヘッダー ファイル\Actor</Filter>
    </ClInclude>
    <ClInclude Include="Transform.h">
      <Filter>ヘッダー ファイル\Common</Filter>
    </ClInclude>
    <ClInclude Include="Action.h">
      <Filter>ヘッダー ファイル\Action\ActionBase</Filter>
    </ClInclude>
    <ClInclude Include="IAction.h">
      <Filter>ヘッダー ファイル\Action\ActionBase</Filter>
    </ClInclude>
    <ClInclude Include="IState.h">
      <Filter>ヘッダー ファイル\State\StateBase</Filter>
    </ClInclude>
    <ClInclude Include="IStateMachine.h">
      <Filter>ヘッダー ファイル\State\StateBase</Filter>
    </ClInclude>
    <ClInclude Include="State.h">
      <Filter>ヘッダー ファイル\State\StateBase</Filter>
    </ClInclude>
    <ClInclude Include="StateMachine.h">
      <Filter>ヘッダー ファイル\State\StateBase</Filter>
    </ClInclude>
    <ClInclude Include="Velocity.h">
      <Filter>ヘッダー ファイル\Common</Filter>
    </ClInclude>
    <ClInclude Include="StateInput.h">
      <Filter>Inputファイル</Filter>
    </ClInclude>
    <ClInclude Include="BattleScene.h">
      <Filter>ヘッダー ファイル\Scene</Filter>
    </ClInclude>
    <ClInclude Include="ResourceManager.h">
      <Filter>ヘッダー ファイル\Resource</Filter>
    </ClInclude>
    <ClInclude Include="CollisionManager.h">
      <Filter>ヘッダー ファイル\Collision</Filter>
    </ClInclude>
    <ClInclude Include="CollisionPlayerEnemy.h">
      <Filter>ヘッダー ファイル\Collision</Filter>
    </ClInclude>
    <ClInclude Include="AttackCollider.h">
      <Filter>ヘッダー ファイル\Collision</Filter>
    </ClInclude>
    <ClInclude Include="Collision.h">
      <Filter>ヘッダー ファイル\Collision</Filter>
    </ClInclude>
    <ClInclude Include="Effect.h">
      <Filter>ヘッダー ファイル\Effect</Filter>
    </ClInclude>
    <ClInclude Include="EffectRenderer.h">
      <Filter>ヘッダー ファイル\Effect</Filter>
    </ClInclude>
    <ClInclude Include="EffectController.h">
      <Filter>ヘッダー ファイル\Effect</Filter>
    </ClInclude>
    <ClInclude Include="SkillController.h">
      <Filter>ヘッダー ファイル\Skill</Filter>
    </ClInclude>
    <ClInclude Include="Skill.h">
      <Filter>ヘッダー ファイル\Skill</Filter>
    </ClInclude>
    <ClInclude Include="SkillData.h">
      <Filter>ヘッダー ファイル\Skill</Filter>
    </ClInclude>
    <ClInclude Include="IDManager.h">
      <Filter>ヘッダー ファイル</Filter>
    </ClInclude>
    <ClInclude Include="Observer.h">
      <Filter>ヘッダー ファイル\Common</Filter>
    </ClInclude>
    <ClInclude Include="Observable.h">
      <Filter>ヘッダー ファイル\Common</Filter>
    </ClInclude>
    <ClInclude Include="Subject.h">
      <Filter>ヘッダー ファイル\Common</Filter>
    </ClInclude>
    <ClInclude Include="ReactiveParameter.h">
      <Filter>ヘッダー ファイル\Common</Filter>
    </ClInclude>
    <ClInclude Include="CollisionEnemyEnemy.h">
      <Filter>ヘッダー ファイル\Collision</Filter>
    </ClInclude>
    <ClInclude Include="CollisionShotEnemy.h">
      <Filter>ヘッダー ファイル\Collision</Filter>
    </ClInclude>
    <ClInclude Include="ActorObject.h">
      <Filter>ヘッダー ファイル\Character</Filter>
    </ClInclude>
    <ClInclude Include="FixedKnockBack.h">
      <Filter>ヘッダー ファイル\KnockBack</Filter>
    </ClInclude>
    <ClInclude Include="FixedYInhaleKnockBack.h">
      <Filter>ヘッダー ファイル\KnockBack</Filter>
    </ClInclude>
    <ClInclude Include="KnockBack.h">
      <Filter>ヘッダー ファイル\KnockBack</Filter>
    </ClInclude>
    <ClInclude Include="InhaleKnockBack.h">
      <Filter>ヘッダー ファイル\KnockBack</Filter>
    </ClInclude>
    <ClInclude Include="CameraController.h">
      <Filter>ヘッダー ファイル\Camera</Filter>
    </ClInclude>
    <ClInclude Include="TimeScaleController.h">
      <Filter>ヘッダー ファイル\Time</Filter>
    </ClInclude>
    <ClInclude Include="TimeScale.h">
      <Filter>ヘッダー ファイル\Time</Filter>
    </ClInclude>
    <ClInclude Include="ShotManager.h">
      <Filter>ヘッダー ファイル\Shot</Filter>
    </ClInclude>
    <ClInclude Include="Shot.h">
      <Filter>ヘッダー ファイル\Shot</Filter>
    </ClInclude>
    <ClInclude Include="CameraBase.h">
      <Filter>ヘッダー ファイル\Camera</Filter>
    </ClInclude>
    <ClInclude Include="NormalCamera.h">
      <Filter>ヘッダー ファイル\Camera</Filter>
    </ClInclude>
    <ClInclude Include="InterpolateCamera.h">
      <Filter>ヘッダー ファイル\Camera</Filter>
    </ClInclude>
    <ClInclude Include="IStateAI.h">
      <Filter>ヘッダー ファイル\AI</Filter>
    </ClInclude>
    <ClInclude Include="StateAI.h">
      <Filter>ヘッダー ファイル\AI</Filter>
    </ClInclude>
    <ClInclude Include="ParameterHandle.h">
      <Filter>ヘッダー ファイル\Common</Filter>
    </ClInclude>
    <ClInclude Include="ParameterMap.h">
      <Filter>ヘッダー ファイル\Common</Filter>
    </ClInclude>
    <ClInclude Include="ServiceLocator.h">
      <Filter>ヘッダー ファイル\Common</Filter>
    </ClInclude>
    <ClInclude Include="AICycleFixed.h">
      <Filter>ヘッダー ファイル\AI</Filter>
    </ClInclude>
    <ClInclude Include="IAICycle.h">
      <Filter>ヘッダー ファイル\AI</Filter>
    </ClInclude>
    <ClInclude Include="ICharacterAI.h">
      <Filter>ヘッダー ファイル\AI</Filter>
    </ClInclude>
    <ClInclude Include="CharacterStateAI.h">
      <Filter>ヘッダー ファイル\AI</Filter>
    </ClInclude>
    <ClInclude Include="IdleStateAI.h">
      <Filter>ヘッダー ファイル\AI</Filter>
    </ClInclude>
    <ClInclude Include="MoveStateAI.h">
      <Filter>ヘッダー ファイル\AI</Filter>
    </ClInclude>
    <ClInclude Include="CollisionShotPlayer.h">
      <Filter>ヘッダー ファイル\Collision</Filter>
    </ClInclude>
    <ClInclude Include="JumpBeamSkillAction.h">
      <Filter>ヘッダー ファイル\Action\Attack\Skill</Filter>
    </ClInclude>
    <ClInclude Include="JumpStormSkillAction.h">
      <Filter>ヘッダー ファイル\Action\Attack\Skill</Filter>
    </ClInclude>
    <ClInclude Include="ShockWaveSkillAction.h">
      <Filter>ヘッダー ファイル\Action\Attack\Skill</Filter>
    </ClInclude>
    <ClInclude Include="BeamSkillAction.h">
      <Filter>ヘッダー ファイル\Action\Attack\Skill</Filter>
    </ClInclude>
    <ClInclude Include="StormSkillAction.h">
      <Filter>ヘッダー ファイル\Action\Attack\Skill</Filter>
    </ClInclude>
    <ClInclude Include="JumpBeamSkillState.h">
      <Filter>ヘッダー ファイル\State\State\Attack\Skill</Filter>
    </ClInclude>
    <ClInclude Include="JumpStormSkillState.h">
      <Filter>ヘッダー ファイル\State\State\Attack\Skill</Filter>
    </ClInclude>
    <ClInclude Include="ShockWaveSkillState.h">
      <Filter>ヘッダー ファイル\State\State\Attack\Skill</Filter>
    </ClInclude>
    <ClInclude Include="BeamSkillState.h">
      <Filter>ヘッダー ファイル\State\State\Attack\Skill</Filter>
    </ClInclude>
    <ClInclude Include="StormSkillState.h">
      <Filter>ヘッダー ファイル\State\State\Attack\Skill</Filter>
    </ClInclude>
    <ClInclude Include="IStateCreator.h">
      <Filter>ヘッダー ファイル\Creator</Filter>
    </ClInclude>
    <ClInclude Include="IActionCreator.h">
      <Filter>ヘッダー ファイル\Creator</Filter>
    </ClInclude>
    <ClInclude Include="FollowFixedCamera.h">
      <Filter>ヘッダー ファイル\Camera</Filter>
    </ClInclude>
    <ClInclude Include="FixedCamera.h">
      <Filter>ヘッダー ファイル\Camera</Filter>
    </ClInclude>
    <ClInclude Include="AdditionalSkill.h">
      <Filter>ヘッダー ファイル\Skill</Filter>
    </ClInclude>
    <ClInclude Include="UltimateSkill.h">
      <Filter>ヘッダー ファイル\Skill</Filter>
    </ClInclude>
    <ClInclude Include="BattleUILoader.h">
      <Filter>ヘッダー ファイル\UI\Creator</Filter>
    </ClInclude>
    <ClInclude Include="HPPresenter.h">
      <Filter>ヘッダー ファイル\UI\Presenter</Filter>
    </ClInclude>
    <ClInclude Include="SkillPresenter.h">
      <Filter>ヘッダー ファイル\UI\Presenter</Filter>
    </ClInclude>
    <ClInclude Include="PlayerUIRender.h">
      <Filter>ヘッダー ファイル\UI\Render</Filter>
    </ClInclude>
    <ClInclude Include="UltGaugePresenter.h">
      <Filter>ヘッダー ファイル\UI\Presenter</Filter>
    </ClInclude>
    <ClInclude Include="SkillUltGaugePresenter.h">
      <Filter>ヘッダー ファイル\UI\Presenter</Filter>
    </ClInclude>
    <ClInclude Include="ActorObjectManager.h">
      <Filter>ヘッダー ファイル\Character</Filter>
    </ClInclude>
    <ClInclude Include="NormalEnemyHPRender.h">
      <Filter>ヘッダー ファイル\UI\Render\HP</Filter>
    </ClInclude>
    <ClInclude Include="PlayerHPRender.h">
      <Filter>ヘッダー ファイル\UI\Render\HP</Filter>
    </ClInclude>
    <ClInclude Include="AdditionalSkillRender.h">
      <Filter>ヘッダー ファイル\UI\Render\Skill\CT</Filter>
    </ClInclude>
    <ClInclude Include="SkillControllerRender.h">
      <Filter>ヘッダー ファイル\UI\Render\Skill</Filter>
    </ClInclude>
    <ClInclude Include="SkillRenderContainer.h">
      <Filter>ヘッダー ファイル\UI\Render\Skill</Filter>
    </ClInclude>
    <ClInclude Include="UltimateGaugeRender.h">
      <Filter>ヘッダー ファイル\UI\Render\Skill\Ultimate</Filter>
    </ClInclude>
    <ClInclude Include="SkillRender.h">
      <Filter>ヘッダー ファイル\UI\Render\Skill\CT</Filter>
    </ClInclude>
    <ClInclude Include="SkillUltGaugeRender.h">
      <Filter>ヘッダー ファイル\UI\Render\Skill\Ultimate</Filter>
    </ClInclude>
    <ClInclude Include="AttackStateAI.h">
      <Filter>ヘッダー ファイル\AI</Filter>
    </ClInclude>
    <ClInclude Include="StageManager.h">
      <Filter>ヘッダー ファイル\Stage</Filter>
    </ClInclude>
    <ClInclude Include="StageBase.h">
      <Filter>ヘッダー ファイル\Stage</Filter>
    </ClInclude>
    <ClInclude Include="Stage1.h">
      <Filter>ヘッダー ファイル\Stage</Filter>
    </ClInclude>
    <ClInclude Include="Object.h">
      <Filter>ヘッダー ファイル\Character</Filter>
    </ClInclude>
    <ClInclude Include="CollisionObjectPlayer.h">
      <Filter>ヘッダー ファイル\Collision</Filter>
    </ClInclude>
    <ClInclude Include="CollisionObjectEnemy.h">
      <Filter>ヘッダー ファイル\Collision</Filter>
    </ClInclude>
    <ClInclude Include="json.hpp">
      <Filter>ヘッダー ファイル\External</Filter>
    </ClInclude>
    <ClInclude Include="Division.h">
      <Filter>ヘッダー ファイル\Stage</Filter>
    </ClInclude>
    <ClInclude Include="DropKickSkillAction.h">
      <Filter>ヘッダー ファイル\Action\Attack\Skill</Filter>
    </ClInclude>
    <ClInclude Include="DropKickSkillState.h">
      <Filter>ヘッダー ファイル\State\State\Attack\Skill</Filter>
    </ClInclude>
    <ClInclude Include="JsonClearTermCreator.h">
      <Filter>ヘッダー ファイル\Creator\Json</Filter>
    </ClInclude>
    <ClInclude Include="JsonDivisionCreator.h">
      <Filter>ヘッダー ファイル\Creator\Json</Filter>
    </ClInclude>
    <ClInclude Include="JsonObjectCreator.h">
      <Filter>ヘッダー ファイル\Creator\Json</Filter>
    </ClInclude>
    <ClInclude Include="IParameterCreator.h">
      <Filter>ヘッダー ファイル\Creator</Filter>
    </ClInclude>
    <ClInclude Include="ICharacterAICreator.h">
      <Filter>ヘッダー ファイル\Creator</Filter>
    </ClInclude>
    <ClInclude Include="JsonStageLoader.h">
      <Filter>ヘッダー ファイル\Creator\Json</Filter>
    </ClInclude>
    <ClInclude Include="StageCreator.h">
      <Filter>ヘッダー ファイル\Creator</Filter>
    </ClInclude>
    <ClInclude Include="Timer.h">
      <Filter>ヘッダー ファイル\Time</Filter>
    </ClInclude>
    <ClInclude Include="ClearTermBuilder.h">
      <Filter>ヘッダー ファイル\ClearTerm</Filter>
    </ClInclude>
    <ClInclude Include="ClearTermBuilderDictionary.h">
      <Filter>ヘッダー ファイル\ClearTerm</Filter>
    </ClInclude>
    <ClInclude Include="ClearTermEnduranceTime.h">
      <Filter>ヘッダー ファイル\ClearTerm</Filter>
    </ClInclude>
    <ClInclude Include="ClearTermEnduranceTimeBuilder.h">
      <Filter>ヘッダー ファイル\ClearTerm</Filter>
    </ClInclude>
    <ClInclude Include="ClearTermEnemysAllDead.h">
      <Filter>ヘッダー ファイル\ClearTerm</Filter>
    </ClInclude>
    <ClInclude Include="ClearTermEnemysAllDeadBuilder.h">
      <Filter>ヘッダー ファイル\ClearTerm</Filter>
    </ClInclude>
    <ClInclude Include="ClearTermProvider.h">
      <Filter>ヘッダー ファイル\ClearTerm</Filter>
    </ClInclude>
    <ClInclude Include="IClearTerm.h">
      <Filter>ヘッダー ファイル\ClearTerm</Filter>
    </ClInclude>
    <ClInclude Include="ClearTermPresenter.h">
      <Filter>ヘッダー ファイル\UI\Presenter</Filter>
    </ClInclude>
    <ClInclude Include="ClearTermRenderCreator.h">
      <Filter>ヘッダー ファイル\UI\Creator</Filter>
    </ClInclude>
    <ClInclude Include="ClearTermAllDeadAndEnduranceText.h">
      <Filter>ヘッダー ファイル\UI\Render\ClearTerm</Filter>
    </ClInclude>
    <ClInclude Include="ClearTermEnduranceTimeText.h">
      <Filter>ヘッダー ファイル\UI\Render\ClearTerm</Filter>
    </ClInclude>
    <ClInclude Include="ClearTermEnemyAllDeadText.h">
      <Filter>ヘッダー ファイル\UI\Render\ClearTerm</Filter>
    </ClInclude>
    <ClInclude Include="CreateWindow.h">
      <Filter>ヘッダー ファイル\UI\Render</Filter>
    </ClInclude>
    <ClInclude Include="ClearTermText.h">
      <Filter>ヘッダー ファイル\UI\Render\ClearTerm</Filter>
    </ClInclude>
    <ClInclude Include="EnemyStatus.h">
      <Filter>ヘッダー ファイル\Character\Enemy</Filter>
    </ClInclude>
    <ClInclude Include="DivisionObject.h">
      <Filter>ヘッダー ファイル\Character</Filter>
    </ClInclude>
    <ClInclude Include="EnemyManager.h">
      <Filter>ヘッダー ファイル\Character\Enemy</Filter>
    </ClInclude>
    <ClInclude Include="ZombieActionCreator.h">
      <Filter>ヘッダー ファイル\Character\Enemy\Zombie\Creator</Filter>
    </ClInclude>
    <ClInclude Include="ZombieAICreator.h">
      <Filter>ヘッダー ファイル\Character\Enemy\Zombie\Creator</Filter>
    </ClInclude>
    <ClInclude Include="ZombieParameterCreator.h">
      <Filter>ヘッダー ファイル\Character\Enemy\Zombie\Creator</Filter>
    </ClInclude>
    <ClInclude Include="EnemyBuilder.h">
      <Filter>ヘッダー ファイル\Character\Enemy\Builder</Filter>
    </ClInclude>
    <ClInclude Include="EnemyBuilderDictionary.h">
      <Filter>ヘッダー ファイル\Character\Enemy\Builder</Filter>
    </ClInclude>
    <ClInclude Include="EnemyBuildParameter.h">
      <Filter>ヘッダー ファイル\Character\Enemy\Builder</Filter>
    </ClInclude>
    <ClInclude Include="Enemy.h">
      <Filter>ヘッダー ファイル\Character\Enemy</Filter>
    </ClInclude>
    <ClInclude Include="JsonEnemyBuildParameterLoader.h">
      <Filter>ヘッダー ファイル\Character\Enemy\Builder</Filter>
    </ClInclude>
    <ClInclude Include="JsonEnemyStatusLoader.h">
      <Filter>ヘッダー ファイル\Character\Enemy\Builder</Filter>
    </ClInclude>
    <ClInclude Include="Player.h">
      <Filter>ヘッダー ファイル\Character\Player</Filter>
    </ClInclude>
    <ClInclude Include="PlayerActionCreator.h">
      <Filter>ヘッダー ファイル\Character\Player</Filter>
    </ClInclude>
    <ClInclude Include="PlayerSkillCreater.h">
      <Filter>ヘッダー ファイル\Character\Player</Filter>
    </ClInclude>
    <ClInclude Include="PlayerParameterCreator.h">
      <Filter>ヘッダー ファイル\Character\Player</Filter>
    </ClInclude>
    <ClInclude Include="PlayerStateCreator.h">
      <Filter>ヘッダー ファイル\Character\Player</Filter>
    </ClInclude>
    <ClInclude Include="ISpawnObjectCreator.h">
      <Filter>ヘッダー ファイル\Spawner</Filter>
    </ClInclude>
    <ClInclude Include="ISpawnCycle.h">
      <Filter>ヘッダー ファイル\Spawner</Filter>
    </ClInclude>
    <ClInclude Include="ISpawnPoint.h">
      <Filter>ヘッダー ファイル\Spawner</Filter>
    </ClInclude>
    <ClInclude Include="ISpawnCondition.h">
      <Filter>ヘッダー ファイル\Spawner</Filter>
    </ClInclude>
    <ClInclude Include="EnemySpawner.h">
      <Filter>ヘッダー ファイル\Character\Enemy\Spawner</Filter>
    </ClInclude>
    <ClInclude Include="EnemySpawnParameter.h">
      <Filter>ヘッダー ファイル\Character\Enemy\Spawner</Filter>
    </ClInclude>
    <ClInclude Include="EnemySpawnConditionCountLimit.h">
      <Filter>ヘッダー ファイル\Character\Enemy\Spawner</Filter>
    </ClInclude>
    <ClInclude Include="SpawnCycleRandonRange.h">
      <Filter>ヘッダー ファイル\Spawner</Filter>
    </ClInclude>
    <ClInclude Include="ThreadCreator.h">
      <Filter>ヘッダー ファイル</Filter>
    </ClInclude>
    <ClInclude Include="TitleScene.h">
      <Filter>ヘッダー ファイル\Scene</Filter>
    </ClInclude>
    <ClInclude Include="LoadingScene.h">
      <Filter>ヘッダー ファイル\Scene</Filter>
    </ClInclude>
    <ClInclude Include="SceneRegister.h">
      <Filter>ヘッダー ファイル\Scene\Base</Filter>
    </ClInclude>
    <ClInclude Include="SceneManager.h">
      <Filter>ヘッダー ファイル\Scene\Base</Filter>
    </ClInclude>
    <ClInclude Include="SceneInitializer.h">
      <Filter>ヘッダー ファイル\Scene\Base</Filter>
    </ClInclude>
    <ClInclude Include="SceneCreator.h">
      <Filter>ヘッダー ファイル\Scene\Base</Filter>
    </ClInclude>
    <ClInclude Include="SceneChanger.h">
      <Filter>ヘッダー ファイル\Scene\Base</Filter>
    </ClInclude>
    <ClInclude Include="SceneChangeFade.h">
      <Filter>ヘッダー ファイル\Scene\Base</Filter>
    </ClInclude>
    <ClInclude Include="SceneChangeEffect.h">
      <Filter>ヘッダー ファイル\Scene\Base</Filter>
    </ClInclude>
    <ClInclude Include="ISceneManager.h">
      <Filter>ヘッダー ファイル\Scene\Base</Filter>
    </ClInclude>
    <ClInclude Include="SpawnCycleFixedRange.h">
      <Filter>ヘッダー ファイル\Spawner</Filter>
    </ClInclude>
    <ClInclude Include="Utilities.h">
      <Filter>ヘッダー ファイル\Utility</Filter>
    </ClInclude>
    <ClInclude Include="Task.h">
      <Filter>ヘッダー ファイル\Task</Filter>
    </ClInclude>
    <ClInclude Include="TaskManager.h">
      <Filter>ヘッダー ファイル\Task</Filter>
    </ClInclude>
    <ClInclude Include="GameDefine.h">
      <Filter>ヘッダー ファイル\Utility\Defines</Filter>
    </ClInclude>
    <ClInclude Include="SceneDefine.h">
      <Filter>ヘッダー ファイル\Utility\Defines</Filter>
    </ClInclude>
    <ClInclude Include="StateDefine.h">
      <Filter>ヘッダー ファイル\Utility\Defines</Filter>
    </ClInclude>
    <ClInclude Include="AnimationDefine.h">
      <Filter>ヘッダー ファイル\Utility\Defines</Filter>
    </ClInclude>
    <ClInclude Include="CharaTypeDefine.h">
      <Filter>ヘッダー ファイル\Utility\Defines</Filter>
    </ClInclude>
    <ClInclude Include="SkillDefine.h">
      <Filter>ヘッダー ファイル\Utility\Defines</Filter>
    </ClInclude>
    <ClInclude Include="InputDefine.h">
      <Filter>ヘッダー ファイル\Utility\Defines</Filter>
    </ClInclude>
    <ClInclude Include="ParameterDefine.h">
      <Filter>ヘッダー ファイル\Utility\Defines</Filter>
    </ClInclude>
    <ClInclude Include="CollisionDefine.h">
      <Filter>ヘッダー ファイル\Utility\Defines</Filter>
    </ClInclude>
    <ClInclude Include="Attack1Action.h">
      <Filter>ヘッダー ファイル\Action\Attack</Filter>
    </ClInclude>
    <ClInclude Include="Attack2Action.h">
      <Filter>ヘッダー ファイル\Action\Attack</Filter>
    </ClInclude>
    <ClInclude Include="Attack3Action.h">
      <Filter>ヘッダー ファイル\Action\Attack</Filter>
    </ClInclude>
    <ClInclude Include="RunJumpAttack3Action.h">
      <Filter>ヘッダー ファイル\Action\Attack</Filter>
    </ClInclude>
    <ClInclude Include="RunJumpAttack1Action.h">
      <Filter>ヘッダー ファイル\Action\Attack</Filter>
    </ClInclude>
    <ClInclude Include="RunJumpAttack2Action.h">
      <Filter>ヘッダー ファイル\Action\Attack</Filter>
    </ClInclude>
    <ClInclude Include="RunAttack1Action.h">
      <Filter>ヘッダー ファイル\Action\Attack</Filter>
    </ClInclude>
    <ClInclude Include="JumpAttack1Action.h">
      <Filter>ヘッダー ファイル\Action\Attack</Filter>
    </ClInclude>
    <ClInclude Include="ClearPoseAction.h">
      <Filter>ヘッダー ファイル\Action\Pose</Filter>
    </ClInclude>
    <ClInclude Include="IdleMotionAction.h">
      <Filter>ヘッダー ファイル\Action\Pose</Filter>
    </ClInclude>
    <ClInclude Include="StartPoseAction.h">
      <Filter>ヘッダー ファイル\Action\Pose</Filter>
    </ClInclude>
    <ClInclude Include="DamageAction.h">
      <Filter>ヘッダー ファイル\Action\Damage</Filter>
    </ClInclude>
    <ClInclude Include="DeadAction.h">
      <Filter>ヘッダー ファイル\Action\Damage</Filter>
    </ClInclude>
    <ClInclude Include="DownAction.h">
      <Filter>ヘッダー ファイル\Action\Damage</Filter>
    </ClInclude>
    <ClInclude Include="FlyDamageAction.h">
      <Filter>ヘッダー ファイル\Action\Damage</Filter>
    </ClInclude>
    <ClInclude Include="EscapeAction.h">
      <Filter>ヘッダー ファイル\Action\Move</Filter>
    </ClInclude>
    <ClInclude Include="FallAction.h">
      <Filter>ヘッダー ファイル\Action\Move</Filter>
    </ClInclude>
    <ClInclude Include="JumpAction.h">
      <Filter>ヘッダー ファイル\Action\Move</Filter>
    </ClInclude>
    <ClInclude Include="LandingAction.h">
      <Filter>ヘッダー ファイル\Action\Move</Filter>
    </ClInclude>
    <ClInclude Include="MoveAction.h">
      <Filter>ヘッダー ファイル\Action\Move</Filter>
    </ClInclude>
    <ClInclude Include="RunAction.h">
      <Filter>ヘッダー ファイル\Action\Move</Filter>
    </ClInclude>
    <ClInclude Include="RunFallAction.h">
      <Filter>ヘッダー ファイル\Action\Move</Filter>
    </ClInclude>
    <ClInclude Include="RunJumpAction.h">
      <Filter>ヘッダー ファイル\Action\Move</Filter>
    </ClInclude>
    <ClInclude Include="RunLandingAction.h">
      <Filter>ヘッダー ファイル\Action\Move</Filter>
    </ClInclude>
    <ClInclude Include="IdleAction.h">
      <Filter>ヘッダー ファイル\Action\Move</Filter>
    </ClInclude>
    <ClInclude Include="Attack1State.h">
      <Filter>ヘッダー ファイル\State\State\Attack</Filter>
    </ClInclude>
    <ClInclude Include="Attack2State.h">
      <Filter>ヘッダー ファイル\State\State\Attack</Filter>
    </ClInclude>
    <ClInclude Include="Attack3State.h">
      <Filter>ヘッダー ファイル\State\State\Attack</Filter>
    </ClInclude>
    <ClInclude Include="AttackBaseState.h">
      <Filter>ヘッダー ファイル\State\State\Attack</Filter>
    </ClInclude>
    <ClInclude Include="JumpAttack1State.h">
      <Filter>ヘッダー ファイル\State\State\Attack</Filter>
    </ClInclude>
    <ClInclude Include="RunAttack1State.h">
      <Filter>ヘッダー ファイル\State\State\Attack</Filter>
    </ClInclude>
    <ClInclude Include="RunJumpAttack1State.h">
      <Filter>ヘッダー ファイル\State\State\Attack</Filter>
    </ClInclude>
    <ClInclude Include="RunJumpAttack2State.h">
      <Filter>ヘッダー ファイル\State\State\Attack</Filter>
    </ClInclude>
    <ClInclude Include="RunJumpAttack3State.h">
      <Filter>ヘッダー ファイル\State\State\Attack</Filter>
    </ClInclude>
    <ClInclude Include="ClearPoseState.h">
      <Filter>ヘッダー ファイル\State\State\Pose</Filter>
    </ClInclude>
    <ClInclude Include="IdleMotionState.h">
      <Filter>ヘッダー ファイル\State\State\Pose</Filter>
    </ClInclude>
    <ClInclude Include="StartPoseState.h">
      <Filter>ヘッダー ファイル\State\State\Pose</Filter>
    </ClInclude>
    <ClInclude Include="DamageState.h">
      <Filter>ヘッダー ファイル\State\State\Damage</Filter>
    </ClInclude>
    <ClInclude Include="DeadState.h">
      <Filter>ヘッダー ファイル\State\State\Damage</Filter>
    </ClInclude>
    <ClInclude Include="DownState.h">
      <Filter>ヘッダー ファイル\State\State\Damage</Filter>
    </ClInclude>
    <ClInclude Include="FlyDamageState.h">
      <Filter>ヘッダー ファイル\State\State\Damage</Filter>
    </ClInclude>
    <ClInclude Include="EscapeState.h">
      <Filter>ヘッダー ファイル\State\State\Move</Filter>
    </ClInclude>
    <ClInclude Include="FallState.h">
      <Filter>ヘッダー ファイル\State\State\Move</Filter>
    </ClInclude>
    <ClInclude Include="IdleState.h">
      <Filter>ヘッダー ファイル\State\State\Move</Filter>
    </ClInclude>
    <ClInclude Include="JumpState.h">
      <Filter>ヘッダー ファイル\State\State\Move</Filter>
    </ClInclude>
    <ClInclude Include="LandingState.h">
      <Filter>ヘッダー ファイル\State\State\Move</Filter>
    </ClInclude>
    <ClInclude Include="MoveState.h">
      <Filter>ヘッダー ファイル\State\State\Move</Filter>
    </ClInclude>
    <ClInclude Include="RunFallState.h">
      <Filter>ヘッダー ファイル\State\State\Move</Filter>
    </ClInclude>
    <ClInclude Include="RunJumpState.h">
      <Filter>ヘッダー ファイル\State\State\Move</Filter>
    </ClInclude>
    <ClInclude Include="RunLandingState.h">
      <Filter>ヘッダー ファイル\State\State\Move</Filter>
    </ClInclude>
    <ClInclude Include="RunState.h">
      <Filter>ヘッダー ファイル\State\State\Move</Filter>
    </ClInclude>
    <ClInclude Include="ZombieBuilder.h">
      <Filter>ヘッダー ファイル\Character\Enemy\Zombie\Builder</Filter>
    </ClInclude>
    <ClInclude Include="MutantActionCreator.h">
      <Filter>ヘッダー ファイル\Character\Enemy\Mutant\Creator</Filter>
    </ClInclude>
    <ClInclude Include="MutantStateCreator.h">
      <Filter>ヘッダー ファイル\Character\Enemy\Mutant\Creator</Filter>
    </ClInclude>
    <ClInclude Include="ZombieStateCreator.h">
      <Filter>ヘッダー ファイル\Character\Enemy\Zombie\Creator</Filter>
    </ClInclude>
    <ClInclude Include="MutantAICreator.h">
      <Filter>ヘッダー ファイル\Character\Enemy\Mutant\Creator</Filter>
    </ClInclude>
    <ClInclude Include="MutantParameterCreator.h">
      <Filter>ヘッダー ファイル\Character\Enemy\Mutant\Creator</Filter>
    </ClInclude>
    <ClInclude Include="MutantBuilder.h">
      <Filter>ヘッダー ファイル\Character\Enemy\Mutant\Builder</Filter>
    </ClInclude>
    <ClInclude Include="MessageDefine.h">
      <Filter>ヘッダー ファイル\Utility\Defines</Filter>
    </ClInclude>
    <ClInclude Include="Messenger.h">
      <Filter>ヘッダー ファイル\Message</Filter>
    </ClInclude>
    <ClInclude Include="AICycleTension.h">
      <Filter>ヘッダー ファイル\AI</Filter>
    </ClInclude>
    <ClInclude Include="IScene.h">
      <Filter>ヘッダー ファイル\Scene\Base</Filter>
    </ClInclude>
    <ClInclude Include="NPCStartPoseState.h">
      <Filter>ヘッダー ファイル\State\State\Pose</Filter>
    </ClInclude>
    <ClInclude Include="NPCStartPoseAction.h">
      <Filter>ヘッダー ファイル\Action\Pose</Filter>
    </ClInclude>
    <ClInclude Include="NPCCameraStartPoseState.h">
      <Filter>ヘッダー ファイル\State\State\Pose</Filter>
    </ClInclude>
    <ClInclude Include="ClearTermBossDead.h">
      <Filter>ヘッダー ファイル\ClearTerm</Filter>
    </ClInclude>
    <ClInclude Include="ClearTermBossDeadBuilder.h">
      <Filter>ヘッダー ファイル\ClearTerm</Filter>
    </ClInclude>
    <ClInclude Include="BaseAction.h">
      <Filter>ヘッダー ファイル\Action\ActionBase</Filter>
    </ClInclude>
    <ClInclude Include="IMessageSender.h">
      <Filter>ヘッダー ファイル\Message</Filter>
    </ClInclude>
    <ClInclude Include="BossHPRender.h">
      <Filter>ヘッダー ファイル\UI\Render\HP</Filter>
    </ClInclude>
    <ClInclude Include="NPCHPRenderManager.h">
      <Filter>ヘッダー ファイル\UI\Render\HP</Filter>
    </ClInclude>
    <ClInclude Include="NormalSpawnerBuilder.h">
      <Filter>ヘッダー ファイル\Spawner</Filter>
    </ClInclude>
    <ClInclude Include="SpawnerBuilder.h">
      <Filter>ヘッダー ファイル\Spawner</Filter>
    </ClInclude>
    <ClInclude Include="SpawnerBuilderDictionary.h">
      <Filter>ヘッダー ファイル\Spawner</Filter>
    </ClInclude>
    <ClInclude Include="JsonSpawnerCreator.h">
      <Filter>ヘッダー ファイル\Spawner</Filter>
    </ClInclude>
    <ClInclude Include="IMessenger.h">
      <Filter>ヘッダー ファイル\Message</Filter>
    </ClInclude>
    <ClInclude Include="IMessageRegister.h">
      <Filter>ヘッダー ファイル\Message</Filter>
    </ClInclude>
    <ClInclude Include="EffectLoader.h">
      <Filter>ヘッダー ファイル\Effect</Filter>
    </ClInclude>
    <ClInclude Include="EnemyHPRender.h">
      <Filter>ヘッダー ファイル\UI\Render\HP</Filter>
    </ClInclude>
  </ItemGroup>
  <ItemGroup>
    <ResourceCompile Include="Version.rc">
      <Filter>リソース ファイル</Filter>
    </ResourceCompile>
  </ItemGroup>
</Project>