<?xml version="1.0" encoding="utf-8"?>
<Project ToolsVersion="4.0" xmlns="http://schemas.microsoft.com/developer/msbuild/2003">
  <ItemGroup>
    <Filter Include="ソース ファイル">
      <UniqueIdentifier>{4FC737F1-C7A5-4376-A066-2A32D752A2FF}</UniqueIdentifier>
      <Extensions>cpp;c;cc;cxx;def;odl;idl;hpj;bat;asm;asmx</Extensions>
    </Filter>
    <Filter Include="ヘッダー ファイル">
      <UniqueIdentifier>{93995380-89BD-4b04-88EB-625FBE52EBFB}</UniqueIdentifier>
      <Extensions>h;hpp;hxx;hm;inl;inc;xsd</Extensions>
    </Filter>
    <Filter Include="リソース ファイル">
      <UniqueIdentifier>{67DA6AB6-F800-4c08-8B7A-83BB121AAD01}</UniqueIdentifier>
      <Extensions>rc;ico;cur;bmp;dlg;rc2;rct;bin;rgs;gif;jpg;jpeg;jpe;resx;tiff;tif;png;wav;mfcribbon-ms</Extensions>
    </Filter>
    <Filter Include="Inputファイル">
      <UniqueIdentifier>{6ff32152-60d2-4e26-a256-99c610326060}</UniqueIdentifier>
    </Filter>
    <Filter Include="ヘッダー ファイル\State">
      <UniqueIdentifier>{ca22ea38-a50e-4eca-9fc8-d7158157f84b}</UniqueIdentifier>
    </Filter>
    <Filter Include="ヘッダー ファイル\Common">
      <UniqueIdentifier>{a3ec452a-520c-4d9d-b5af-cca6b0b102bb}</UniqueIdentifier>
    </Filter>
    <Filter Include="ヘッダー ファイル\Actor">
      <UniqueIdentifier>{6d43ca46-2587-4d7d-89f6-f22746260d77}</UniqueIdentifier>
    </Filter>
    <Filter Include="ヘッダー ファイル\Action">
      <UniqueIdentifier>{53716ce4-2b71-4514-ad26-35534698b1ba}</UniqueIdentifier>
    </Filter>
    <Filter Include="ソース ファイル\Action">
      <UniqueIdentifier>{2544aa60-1001-41b9-96c4-51add0f9339b}</UniqueIdentifier>
    </Filter>
    <Filter Include="ヘッダー ファイル\Action\ActionBase">
      <UniqueIdentifier>{b8693d36-134d-442f-b792-3d4a0bda1511}</UniqueIdentifier>
    </Filter>
    <Filter Include="ヘッダー ファイル\State\StateBase">
      <UniqueIdentifier>{18b97007-6082-4f23-acc9-92cc553e68cf}</UniqueIdentifier>
    </Filter>
    <Filter Include="ソース ファイル\State">
      <UniqueIdentifier>{1d779a6e-4dde-455b-8d43-b7c82daa8f37}</UniqueIdentifier>
    </Filter>
    <Filter Include="ヘッダー ファイル\State\State">
      <UniqueIdentifier>{e92cb12c-eccb-4933-9b8d-551380d55a84}</UniqueIdentifier>
    </Filter>
    <Filter Include="ヘッダー ファイル\Character">
      <UniqueIdentifier>{7bea4ef0-ce56-45bf-a778-a6c217b1b951}</UniqueIdentifier>
    </Filter>
    <Filter Include="ヘッダー ファイル\Scene">
      <UniqueIdentifier>{00508ecc-0fd6-40e0-a13d-85e218d8014f}</UniqueIdentifier>
    </Filter>
    <Filter Include="ヘッダー ファイル\Resource">
      <UniqueIdentifier>{5c10f3d7-67c3-4fac-9794-bb7a8808609b}</UniqueIdentifier>
    </Filter>
    <Filter Include="ヘッダー ファイル\Collision">
      <UniqueIdentifier>{8a4deaf5-d14a-40bc-87fe-3fe0b3159093}</UniqueIdentifier>
    </Filter>
    <Filter Include="ヘッダー ファイル\Effect">
      <UniqueIdentifier>{463f80cb-1402-4ace-8c4f-4716598a4092}</UniqueIdentifier>
    </Filter>
    <Filter Include="ヘッダー ファイル\Skill">
      <UniqueIdentifier>{6dccfec3-060d-43fe-8f96-22dcaf22bfcd}</UniqueIdentifier>
    </Filter>
    <Filter Include="ヘッダー ファイル\UI">
      <UniqueIdentifier>{a03327a9-306a-4911-9430-0760851f3f10}</UniqueIdentifier>
    </Filter>
    <Filter Include="ヘッダー ファイル\Camera">
      <UniqueIdentifier>{12dcaffe-bf28-469e-8e7a-d5b38849a884}</UniqueIdentifier>
    </Filter>
    <Filter Include="ヘッダー ファイル\KnockBack">
      <UniqueIdentifier>{33ab550f-317b-4f7f-bb6d-3082dadafcea}</UniqueIdentifier>
    </Filter>
    <Filter Include="ヘッダー ファイル\Time">
      <UniqueIdentifier>{6cdb5e02-8ef3-4e0d-9d77-bb3a86036993}</UniqueIdentifier>
    </Filter>
    <Filter Include="ヘッダー ファイル\Shot">
      <UniqueIdentifier>{c91e8c7e-34ca-4773-aff0-07458238d320}</UniqueIdentifier>
    </Filter>
    <Filter Include="ソース ファイル\Camera">
      <UniqueIdentifier>{2adb6587-2ec8-44d7-b619-fe2835a42bd8}</UniqueIdentifier>
    </Filter>
    <Filter Include="ヘッダー ファイル\AI">
      <UniqueIdentifier>{cb8d6fc2-6420-4818-8070-eb944fd269fd}</UniqueIdentifier>
    </Filter>
  </ItemGroup>
  <ItemGroup>
    <ClCompile Include="WinMain.cpp">
      <Filter>ソース ファイル</Filter>
    </ClCompile>
    <ClCompile Include="GameApp.cpp">
      <Filter>ソース ファイル</Filter>
    </ClCompile>
    <ClCompile Include="BattleScene.cpp">
      <Filter>ソース ファイル</Filter>
    </ClCompile>
    <ClCompile Include="Test.cpp">
      <Filter>ソース ファイル</Filter>
    </ClCompile>
    <ClCompile Include="Input.cpp">
      <Filter>Inputファイル</Filter>
    </ClCompile>
    <ClCompile Include="MofInput.cpp">
      <Filter>Inputファイル</Filter>
    </ClCompile>
    <ClCompile Include="Player.cpp">
      <Filter>ソース ファイル</Filter>
    </ClCompile>
    <ClCompile Include="MoveAction.cpp">
      <Filter>ソース ファイル\Action</Filter>
    </ClCompile>
    <ClCompile Include="Enemy.cpp">
      <Filter>ソース ファイル</Filter>
    </ClCompile>
    <ClCompile Include="Effect.cpp">
      <Filter>ソース ファイル</Filter>
    </ClCompile>
    <ClCompile Include="EffectManager.cpp">
      <Filter>ソース ファイル</Filter>
    </ClCompile>
    <ClCompile Include="EffectController.cpp">
      <Filter>ソース ファイル</Filter>
    </ClCompile>
    <ClCompile Include="ActorObject.cpp">
      <Filter>ソース ファイル</Filter>
    </ClCompile>
    <ClCompile Include="HPPresenter.cpp">
      <Filter>ソース ファイル</Filter>
    </ClCompile>
    <ClCompile Include="FixedCamera.cpp">
      <Filter>ソース ファイル\Camera</Filter>
    </ClCompile>
    <ClCompile Include="InterpolateCamera.cpp">
      <Filter>ソース ファイル\Camera</Filter>
    </ClCompile>
    <ClCompile Include="NomalCamera.cpp">
      <Filter>ソース ファイル\Camera</Filter>
    </ClCompile>
    <ClCompile Include="CameraBase.cpp">
      <Filter>ソース ファイル\Camera</Filter>
    </ClCompile>
    <ClCompile Include="CameraController.cpp">
      <Filter>ソース ファイル\Camera</Filter>
    </ClCompile>
    <ClCompile Include="FollowFixedCamera.cpp">
      <Filter>ソース ファイル\Camera</Filter>
    </ClCompile>
  </ItemGroup>
  <ItemGroup>
    <ClInclude Include="GameApp.h">
      <Filter>ヘッダー ファイル</Filter>
    </ClInclude>
    <ClInclude Include="Test.h">
      <Filter>ヘッダー ファイル</Filter>
    </ClInclude>
    <ClInclude Include="Input.h">
      <Filter>Inputファイル</Filter>
    </ClInclude>
    <ClInclude Include="InputManager.h">
      <Filter>Inputファイル</Filter>
    </ClInclude>
    <ClInclude Include="IInput.h">
      <Filter>Inputファイル</Filter>
    </ClInclude>
    <ClInclude Include="MofInput.h">
      <Filter>Inputファイル</Filter>
    </ClInclude>
    <ClInclude Include="GameDefine.h">
      <Filter>ヘッダー ファイル</Filter>
    </ClInclude>
    <ClInclude Include="Singleton.h">
      <Filter>ヘッダー ファイル\Common</Filter>
    </ClInclude>
    <ClInclude Include="Common.h">
      <Filter>ヘッダー ファイル\Common</Filter>
    </ClInclude>
    <ClInclude Include="Actor.h">
      <Filter>ヘッダー ファイル\Actor</Filter>
    </ClInclude>
    <ClInclude Include="IActor.h">
      <Filter>ヘッダー ファイル\Actor</Filter>
    </ClInclude>
    <ClInclude Include="Transform.h">
      <Filter>ヘッダー ファイル\Common</Filter>
    </ClInclude>
    <ClInclude Include="Action.h">
      <Filter>ヘッダー ファイル\Action\ActionBase</Filter>
    </ClInclude>
    <ClInclude Include="IAction.h">
      <Filter>ヘッダー ファイル\Action\ActionBase</Filter>
    </ClInclude>
    <ClInclude Include="MoveAction.h">
      <Filter>ヘッダー ファイル\Action</Filter>
    </ClInclude>
    <ClInclude Include="IState.h">
      <Filter>ヘッダー ファイル\State\StateBase</Filter>
    </ClInclude>
    <ClInclude Include="IStateMachine.h">
      <Filter>ヘッダー ファイル\State\StateBase</Filter>
    </ClInclude>
    <ClInclude Include="State.h">
      <Filter>ヘッダー ファイル\State\StateBase</Filter>
    </ClInclude>
    <ClInclude Include="StateMachine.h">
      <Filter>ヘッダー ファイル\State\StateBase</Filter>
    </ClInclude>
    <ClInclude Include="IdleAction.h">
      <Filter>ヘッダー ファイル\Action</Filter>
    </ClInclude>
    <ClInclude Include="IdleState.h">
      <Filter>ヘッダー ファイル\State\State</Filter>
    </ClInclude>
    <ClInclude Include="Velocity.h">
      <Filter>ヘッダー ファイル\Common</Filter>
    </ClInclude>
    <ClInclude Include="MoveState.h">
      <Filter>ヘッダー ファイル\State\State</Filter>
    </ClInclude>
    <ClInclude Include="IdleMotionState.h">
      <Filter>ヘッダー ファイル\State\State</Filter>
    </ClInclude>
    <ClInclude Include="RunState.h">
      <Filter>ヘッダー ファイル\State\State</Filter>
    </ClInclude>
    <ClInclude Include="Attack1State.h">
      <Filter>ヘッダー ファイル\State\State</Filter>
    </ClInclude>
    <ClInclude Include="Attack1Action.h">
      <Filter>ヘッダー ファイル\Action</Filter>
    </ClInclude>
    <ClInclude Include="Utilities.h">
      <Filter>ヘッダー ファイル\Common</Filter>
    </ClInclude>
    <ClInclude Include="RunAction.h">
      <Filter>ヘッダー ファイル\Action</Filter>
    </ClInclude>
    <ClInclude Include="IdleMotionAction.h">
      <Filter>ヘッダー ファイル\Action</Filter>
    </ClInclude>
    <ClInclude Include="StateInput.h">
      <Filter>Inputファイル</Filter>
    </ClInclude>
    <ClInclude Include="BattleScene.h">
      <Filter>ヘッダー ファイル\Scene</Filter>
    </ClInclude>
    <ClInclude Include="Enemy.h">
      <Filter>ヘッダー ファイル\Character</Filter>
    </ClInclude>
    <ClInclude Include="Player.h">
      <Filter>ヘッダー ファイル\Character</Filter>
    </ClInclude>
    <ClInclude Include="PlayerStatus.h">
      <Filter>ヘッダー ファイル\Character</Filter>
    </ClInclude>
    <ClInclude Include="EnemyBuilder.h">
      <Filter>ヘッダー ファイル\Character</Filter>
    </ClInclude>
    <ClInclude Include="ResourceManager.h">
      <Filter>ヘッダー ファイル\Resource</Filter>
    </ClInclude>
    <ClInclude Include="SceneBase.h">
      <Filter>ヘッダー ファイル\Scene</Filter>
    </ClInclude>
    <ClInclude Include="CollisionManager.h">
      <Filter>ヘッダー ファイル\Collision</Filter>
    </ClInclude>
    <ClInclude Include="CollisionPlayerEnemy.h">
      <Filter>ヘッダー ファイル\Collision</Filter>
    </ClInclude>
    <ClInclude Include="AttackCollider.h">
      <Filter>ヘッダー ファイル\Collision</Filter>
    </ClInclude>
    <ClInclude Include="Attack2State.h">
      <Filter>ヘッダー ファイル\State\State</Filter>
    </ClInclude>
    <ClInclude Include="Attack2Action.h">
      <Filter>ヘッダー ファイル\Action</Filter>
    </ClInclude>
    <ClInclude Include="Attack3State.h">
      <Filter>ヘッダー ファイル\State\State</Filter>
    </ClInclude>
    <ClInclude Include="Attack3Action.h">
      <Filter>ヘッダー ファイル\Action</Filter>
    </ClInclude>
    <ClInclude Include="RunAttack1State.h">
      <Filter>ヘッダー ファイル\State\State</Filter>
    </ClInclude>
    <ClInclude Include="RunAttack1Action.h">
      <Filter>ヘッダー ファイル\Action</Filter>
    </ClInclude>
    <ClInclude Include="DamageAction.h">
      <Filter>ヘッダー ファイル\Action</Filter>
    </ClInclude>
    <ClInclude Include="DamageState.h">
      <Filter>ヘッダー ファイル\State\State</Filter>
    </ClInclude>
    <ClInclude Include="Skill1_1State.h">
      <Filter>ヘッダー ファイル\State\State</Filter>
    </ClInclude>
    <ClInclude Include="Skill1_1Action.h">
      <Filter>ヘッダー ファイル\Action</Filter>
    </ClInclude>
    <ClInclude Include="Collision.h">
      <Filter>ヘッダー ファイル\Collision</Filter>
    </ClInclude>
    <ClInclude Include="Effect.h">
      <Filter>ヘッダー ファイル\Effect</Filter>
    </ClInclude>
    <ClInclude Include="EffectManager.h">
      <Filter>ヘッダー ファイル\Effect</Filter>
    </ClInclude>
    <ClInclude Include="EffectController.h">
      <Filter>ヘッダー ファイル\Effect</Filter>
    </ClInclude>
    <ClInclude Include="SkillController.h">
      <Filter>ヘッダー ファイル\Skill</Filter>
    </ClInclude>
    <ClInclude Include="Skill.h">
      <Filter>ヘッダー ファイル\Skill</Filter>
    </ClInclude>
    <ClInclude Include="SkillCreater.h">
      <Filter>ヘッダー ファイル\Skill</Filter>
    </ClInclude>
    <ClInclude Include="JumpState.h">
      <Filter>ヘッダー ファイル\State\State</Filter>
    </ClInclude>
    <ClInclude Include="JumpAction.h">
      <Filter>ヘッダー ファイル\Action</Filter>
    </ClInclude>
    <ClInclude Include="FallState.h">
      <Filter>ヘッダー ファイル\State\State</Filter>
    </ClInclude>
    <ClInclude Include="LandingState.h">
      <Filter>ヘッダー ファイル\State\State</Filter>
    </ClInclude>
    <ClInclude Include="FallAction.h">
      <Filter>ヘッダー ファイル\Action</Filter>
    </ClInclude>
    <ClInclude Include="LandingAction.h">
      <Filter>ヘッダー ファイル\Action</Filter>
    </ClInclude>
    <ClInclude Include="RunJumpState.h">
      <Filter>ヘッダー ファイル\State\State</Filter>
    </ClInclude>
    <ClInclude Include="RunFallState.h">
      <Filter>ヘッダー ファイル\State\State</Filter>
    </ClInclude>
    <ClInclude Include="RunJumpAction.h">
      <Filter>ヘッダー ファイル\Action</Filter>
    </ClInclude>
    <ClInclude Include="RunFallAction.h">
      <Filter>ヘッダー ファイル\Action</Filter>
    </ClInclude>
    <ClInclude Include="RunLandingState.h">
      <Filter>ヘッダー ファイル\State\State</Filter>
    </ClInclude>
    <ClInclude Include="RunLandingAction.h">
      <Filter>ヘッダー ファイル\Action</Filter>
    </ClInclude>
    <ClInclude Include="JumpAttack1Action.h">
      <Filter>ヘッダー ファイル\Action</Filter>
    </ClInclude>
    <ClInclude Include="RunJumpAttack2Action.h">
      <Filter>ヘッダー ファイル\Action</Filter>
    </ClInclude>
    <ClInclude Include="RunJumpAttack3Action.h">
      <Filter>ヘッダー ファイル\Action</Filter>
    </ClInclude>
    <ClInclude Include="RunJumpAttack1Action.h">
      <Filter>ヘッダー ファイル\Action</Filter>
    </ClInclude>
    <ClInclude Include="JumpAttack1State.h">
      <Filter>ヘッダー ファイル\State\State</Filter>
    </ClInclude>
    <ClInclude Include="RunJumpAttack1State.h">
      <Filter>ヘッダー ファイル\State\State</Filter>
    </ClInclude>
    <ClInclude Include="RunJumpAttack2State.h">
      <Filter>ヘッダー ファイル\State\State</Filter>
    </ClInclude>
    <ClInclude Include="RunJumpAttack3State.h">
      <Filter>ヘッダー ファイル\State\State</Filter>
    </ClInclude>
    <ClInclude Include="FlyDamageAction.h">
      <Filter>ヘッダー ファイル\Action</Filter>
    </ClInclude>
    <ClInclude Include="DownAction.h">
      <Filter>ヘッダー ファイル\Action</Filter>
    </ClInclude>
    <ClInclude Include="DeadAction.h">
      <Filter>ヘッダー ファイル\Action</Filter>
    </ClInclude>
    <ClInclude Include="FlyDamageState.h">
      <Filter>ヘッダー ファイル\State\State</Filter>
    </ClInclude>
    <ClInclude Include="DownState.h">
      <Filter>ヘッダー ファイル\State\State</Filter>
    </ClInclude>
    <ClInclude Include="DeadState.h">
      <Filter>ヘッダー ファイル\State\State</Filter>
    </ClInclude>
    <ClInclude Include="SkillData.h">
      <Filter>ヘッダー ファイル\Skill</Filter>
    </ClInclude>
    <ClInclude Include="Skill2_1Action.h">
      <Filter>ヘッダー ファイル\Action</Filter>
    </ClInclude>
    <ClInclude Include="JumpSkill2_1Action.h">
      <Filter>ヘッダー ファイル\Action</Filter>
    </ClInclude>
    <ClInclude Include="Skill3_1Action.h">
      <Filter>ヘッダー ファイル\Action</Filter>
    </ClInclude>
    <ClInclude Include="JumpSkill3_1Action.h">
      <Filter>ヘッダー ファイル\Action</Filter>
    </ClInclude>
    <ClInclude Include="Skill2_1State.h">
      <Filter>ヘッダー ファイル\State\State</Filter>
    </ClInclude>
    <ClInclude Include="JumpSkill2_1State.h">
      <Filter>ヘッダー ファイル\State\State</Filter>
    </ClInclude>
    <ClInclude Include="Skill3_1State.h">
      <Filter>ヘッダー ファイル\State\State</Filter>
    </ClInclude>
    <ClInclude Include="JumpSkill3_1State.h">
      <Filter>ヘッダー ファイル\State\State</Filter>
    </ClInclude>
    <ClInclude Include="EnemyHPRender.h">
      <Filter>ヘッダー ファイル\UI</Filter>
    </ClInclude>
    <ClInclude Include="IDManager.h">
      <Filter>ヘッダー ファイル</Filter>
    </ClInclude>
    <ClInclude Include="AttackBaseState.h">
      <Filter>ヘッダー ファイル\State\State</Filter>
    </ClInclude>
    <ClInclude Include="IHPGauge.h">
      <Filter>ヘッダー ファイル\UI</Filter>
    </ClInclude>
    <ClInclude Include="Observer.h">
      <Filter>ヘッダー ファイル\Common</Filter>
    </ClInclude>
    <ClInclude Include="Observable.h">
      <Filter>ヘッダー ファイル\Common</Filter>
    </ClInclude>
    <ClInclude Include="Subject.h">
      <Filter>ヘッダー ファイル\Common</Filter>
    </ClInclude>
    <ClInclude Include="ReactiveParameter.h">
      <Filter>ヘッダー ファイル\Common</Filter>
    </ClInclude>
    <ClInclude Include="HPGauge.h">
      <Filter>ヘッダー ファイル\UI</Filter>
    </ClInclude>
    <ClInclude Include="IHPPosition.h">
      <Filter>ヘッダー ファイル\UI</Filter>
    </ClInclude>
    <ClInclude Include="HPPosition.h">
      <Filter>ヘッダー ファイル\UI</Filter>
    </ClInclude>
    <ClInclude Include="IHPShowFlg.h">
      <Filter>ヘッダー ファイル\UI</Filter>
    </ClInclude>
    <ClInclude Include="HPShowFlg.h">
      <Filter>ヘッダー ファイル\UI</Filter>
    </ClInclude>
    <ClInclude Include="ICTGauge.h">
      <Filter>ヘッダー ファイル\UI</Filter>
    </ClInclude>
    <ClInclude Include="CTGauge.h">
      <Filter>ヘッダー ファイル\UI</Filter>
    </ClInclude>
    <ClInclude Include="SkillUIRender.h">
      <Filter>ヘッダー ファイル\UI</Filter>
    </ClInclude>
    <ClInclude Include="HPPresenter.h">
      <Filter>ヘッダー ファイル\UI</Filter>
    </ClInclude>
    <ClInclude Include="SkillPresenter.h">
      <Filter>ヘッダー ファイル\UI</Filter>
    </ClInclude>
    <ClInclude Include="CollisionEnemyEnemy.h">
      <Filter>ヘッダー ファイル\Collision</Filter>
    </ClInclude>
    <ClInclude Include="CollisionShotEnemy.h">
      <Filter>ヘッダー ファイル\Collision</Filter>
    </ClInclude>
    <ClInclude Include="ActorObject.h">
      <Filter>ヘッダー ファイル\Character</Filter>
    </ClInclude>
    <ClInclude Include="FixedKnockBack.h">
      <Filter>ヘッダー ファイル\KnockBack</Filter>
    </ClInclude>
    <ClInclude Include="FixedYInhaleKnockBack.h">
      <Filter>ヘッダー ファイル\KnockBack</Filter>
    </ClInclude>
    <ClInclude Include="KnockBack.h">
      <Filter>ヘッダー ファイル\KnockBack</Filter>
    </ClInclude>
    <ClInclude Include="InhaleKnockBack.h">
      <Filter>ヘッダー ファイル\KnockBack</Filter>
    </ClInclude>
    <ClInclude Include="CameraController.h">
      <Filter>ヘッダー ファイル\Camera</Filter>
    </ClInclude>
    <ClInclude Include="TimeController.h">
      <Filter>ヘッダー ファイル\Time</Filter>
    </ClInclude>
    <ClInclude Include="TimeScale.h">
      <Filter>ヘッダー ファイル\Time</Filter>
    </ClInclude>
    <ClInclude Include="ShotManager.h">
      <Filter>ヘッダー ファイル\Shot</Filter>
    </ClInclude>
    <ClInclude Include="Shot.h">
      <Filter>ヘッダー ファイル\Shot</Filter>
    </ClInclude>
    <ClInclude Include="CameraBase.h">
      <Filter>ヘッダー ファイル\Camera</Filter>
    </ClInclude>
    <ClInclude Include="NomalCamera.h">
      <Filter>ヘッダー ファイル\Camera</Filter>
    </ClInclude>
    <ClInclude Include="InterpolateCamera.h">
      <Filter>ヘッダー ファイル\Camera</Filter>
    </ClInclude>
    <ClInclude Include="FixedCamera.h">
      <Filter>ヘッダー ファイル</Filter>
    </ClInclude>
    <ClInclude Include="FollowFixedCamera.h">
      <Filter>ヘッダー ファイル</Filter>
    </ClInclude>
    <ClInclude Include="IStateAI.h">
      <Filter>ヘッダー ファイル\AI</Filter>
    </ClInclude>
    <ClInclude Include="StateAI.h">
      <Filter>ヘッダー ファイル\AI</Filter>
    </ClInclude>
    <ClInclude Include="ParameterHandle.h">
      <Filter>ヘッダー ファイル\Common</Filter>
    </ClInclude>
    <ClInclude Include="ParameterMap.h">
      <Filter>ヘッダー ファイル\Common</Filter>
    </ClInclude>
    <ClInclude Include="ServiceLocator.h">
      <Filter>ヘッダー ファイル\Common</Filter>
    </ClInclude>
    <ClInclude Include="AICycleFixed.h">
      <Filter>ヘッダー ファイル\AI</Filter>
    </ClInclude>
    <ClInclude Include="IAICycle.h">
      <Filter>ヘッダー ファイル\AI</Filter>
    </ClInclude>
    <ClInclude Include="ICharacterAI.h">
      <Filter>ヘッダー ファイル\AI</Filter>
    </ClInclude>
    <ClInclude Include="CharacterStateAI.h">
      <Filter>ヘッダー ファイル\AI</Filter>
    </ClInclude>
    <ClInclude Include="IdleStateAI.h">
      <Filter>ヘッダー ファイル\AI</Filter>
    </ClInclude>
    <ClInclude Include="MoveStateAI.h">
      <Filter>ヘッダー ファイル\AI</Filter>
    </ClInclude>
  </ItemGroup>
  <ItemGroup>
    <ResourceCompile Include="Version.rc">
      <Filter>リソース ファイル</Filter>
    </ResourceCompile>
  </ItemGroup>
</Project>